// !$*UTF8*$!
{
	archiveVersion = 1;
	classes = {
	};
	objectVersion = 56;
	objects = {

/* Begin PBXBuildFile section */
		BB8FDE0528F5F743003FDB3D /* AddAccount.swift in Sources */ = {isa = PBXBuildFile; fileRef = BB8FDE0428F5F743003FDB3D /* AddAccount.swift */; };
		BB8FDE0728F5F801003FDB3D /* AccountModel.swift in Sources */ = {isa = PBXBuildFile; fileRef = BB8FDE0628F5F801003FDB3D /* AccountModel.swift */; };
		BB8FDE1528F5FA26003FDB3D /* Data.framework in Frameworks */ = {isa = PBXBuildFile; fileRef = BB8FDE0D28F5FA25003FDB3D /* Data.framework */; };
		BB8FDE1A28F5FA26003FDB3D /* RemoteAddAccountTests.swift in Sources */ = {isa = PBXBuildFile; fileRef = BB8FDE1928F5FA26003FDB3D /* RemoteAddAccountTests.swift */; };
		BB8FDE2328F5FA2E003FDB3D /* Domain.framework in Frameworks */ = {isa = PBXBuildFile; fileRef = BB8FDDFD28F5F70A003FDB3D /* Domain.framework */; };
		BB8FDE2428F5FA2E003FDB3D /* Domain.framework in Embed Frameworks */ = {isa = PBXBuildFile; fileRef = BB8FDDFD28F5F70A003FDB3D /* Domain.framework */; settings = {ATTRIBUTES = (CodeSignOnCopy, RemoveHeadersOnCopy, ); }; };
		BB8FDE2A28F5FCFE003FDB3D /* HttpPostClient.swift in Sources */ = {isa = PBXBuildFile; fileRef = BB8FDE2928F5FCFE003FDB3D /* HttpPostClient.swift */; };
		BB8FDE2C28F5FDC6003FDB3D /* HttpPostClient.swift in Sources */ = {isa = PBXBuildFile; fileRef = BB8FDE2928F5FCFE003FDB3D /* HttpPostClient.swift */; };
		BB8FDE2E28F60094003FDB3D /* RemoteAddAccount.swift in Sources */ = {isa = PBXBuildFile; fileRef = BB8FDE2D28F60094003FDB3D /* RemoteAddAccount.swift */; };
		BB8FDE2F28F600A3003FDB3D /* RemoteAddAccount.swift in Sources */ = {isa = PBXBuildFile; fileRef = BB8FDE2D28F60094003FDB3D /* RemoteAddAccount.swift */; };
		BB8FDE3128F6055C003FDB3D /* Model.swift in Sources */ = {isa = PBXBuildFile; fileRef = BB8FDE3028F6055C003FDB3D /* Model.swift */; };
		BB8FDE3428F619FC003FDB3D /* DomainError.swift in Sources */ = {isa = PBXBuildFile; fileRef = BB8FDE3228F619EB003FDB3D /* DomainError.swift */; };
		BB8FDE3628F61A20003FDB3D /* HttpError.swift in Sources */ = {isa = PBXBuildFile; fileRef = BB8FDE3528F61A20003FDB3D /* HttpError.swift */; };
		BB8FDE3728F61CA5003FDB3D /* HttpError.swift in Sources */ = {isa = PBXBuildFile; fileRef = BB8FDE3528F61A20003FDB3D /* HttpError.swift */; };
		BB8FDE3928F62784003FDB3D /* ExtensionHelpers.swift in Sources */ = {isa = PBXBuildFile; fileRef = BB8FDE3828F62784003FDB3D /* ExtensionHelpers.swift */; };
		BB8FDE3C28F6C123003FDB3D /* TestExtensions.swift in Sources */ = {isa = PBXBuildFile; fileRef = BB8FDE3A28F6C0CF003FDB3D /* TestExtensions.swift */; };
		BB8FDE3E28F6C15F003FDB3D /* DataFactories.swift in Sources */ = {isa = PBXBuildFile; fileRef = BB8FDE3D28F6C15F003FDB3D /* DataFactories.swift */; };
		BB8FDE4028F6C1AC003FDB3D /* HttpPostClientSpy.swift in Sources */ = {isa = PBXBuildFile; fileRef = BB8FDE3F28F6C1AC003FDB3D /* HttpPostClientSpy.swift */; };
		BB8FDE4E28F6EE42003FDB3D /* Infra.framework in Frameworks */ = {isa = PBXBuildFile; fileRef = BB8FDE4628F6EE42003FDB3D /* Infra.framework */; };
		BB8FDE5B28F6EE75003FDB3D /* Data.framework in Frameworks */ = {isa = PBXBuildFile; fileRef = BB8FDE0D28F5FA25003FDB3D /* Data.framework */; };
		BB8FDE5C28F6EE75003FDB3D /* Data.framework in Embed Frameworks */ = {isa = PBXBuildFile; fileRef = BB8FDE0D28F5FA25003FDB3D /* Data.framework */; settings = {ATTRIBUTES = (CodeSignOnCopy, RemoveHeadersOnCopy, ); }; };
		BB8FDE6428F6F392003FDB3D /* AlamofireAdapterTests.swift in Sources */ = {isa = PBXBuildFile; fileRef = BB8FDE6328F6F392003FDB3D /* AlamofireAdapterTests.swift */; };
		BB8FDE6B28F74D3B003FDB3D /* DataFactories.swift in Sources */ = {isa = PBXBuildFile; fileRef = BB8FDE3D28F6C15F003FDB3D /* DataFactories.swift */; };
		BB8FDE6D28F75202003FDB3D /* AlamofireAdapter.swift in Sources */ = {isa = PBXBuildFile; fileRef = BB8FDE6C28F75202003FDB3D /* AlamofireAdapter.swift */; };
		BB8FDE6E28F7524B003FDB3D /* HttpPostClient.swift in Sources */ = {isa = PBXBuildFile; fileRef = BB8FDE2928F5FCFE003FDB3D /* HttpPostClient.swift */; };
		BB8FDE6F28F7524F003FDB3D /* HttpPostClient.swift in Sources */ = {isa = PBXBuildFile; fileRef = BB8FDE2928F5FCFE003FDB3D /* HttpPostClient.swift */; };
		BB8FDE7028F7525E003FDB3D /* HttpError.swift in Sources */ = {isa = PBXBuildFile; fileRef = BB8FDE3528F61A20003FDB3D /* HttpError.swift */; };
		BB8FDE7128F7525E003FDB3D /* HttpError.swift in Sources */ = {isa = PBXBuildFile; fileRef = BB8FDE3528F61A20003FDB3D /* HttpError.swift */; };
		BBE0D3F428F9F23800030053 /* SignUpPresenter.swift in Sources */ = {isa = PBXBuildFile; fileRef = BBE0D3F328F9F23800030053 /* SignUpPresenter.swift */; };
		BBE0D3F628F9F2C500030053 /* LoadingView.swift in Sources */ = {isa = PBXBuildFile; fileRef = BBE0D3F528F9F2C500030053 /* LoadingView.swift */; };
		BBE0D3F828F9F2D600030053 /* AlertView.swift in Sources */ = {isa = PBXBuildFile; fileRef = BBE0D3F728F9F2D600030053 /* AlertView.swift */; };
		BBE0D3FA28F9F34400030053 /* Validation.swift in Sources */ = {isa = PBXBuildFile; fileRef = BBE0D3F928F9F34400030053 /* Validation.swift */; };
		BBE0D3FD28F9F53500030053 /* Model.swift in Sources */ = {isa = PBXBuildFile; fileRef = BB8FDE3028F6055C003FDB3D /* Model.swift */; };
		BBE0D3FF28F9F77700030053 /* PresentationFactories.swift in Sources */ = {isa = PBXBuildFile; fileRef = BBE0D3FE28F9F77700030053 /* PresentationFactories.swift */; };
		BBE0D40328F9F96500030053 /* AddAccountSpy.swift in Sources */ = {isa = PBXBuildFile; fileRef = BBE0D40228F9F96500030053 /* AddAccountSpy.swift */; };
		BBE0D40528F9F9D100030053 /* ValidationSpy.swift in Sources */ = {isa = PBXBuildFile; fileRef = BBE0D40428F9F9D100030053 /* ValidationSpy.swift */; };
		BBE0D40728F9FA0400030053 /* AlertViewSpy.swift in Sources */ = {isa = PBXBuildFile; fileRef = BBE0D40628F9FA0400030053 /* AlertViewSpy.swift */; };
		BBE0D40928F9FA2B00030053 /* LoadingViewSpy.swift in Sources */ = {isa = PBXBuildFile; fileRef = BBE0D40828F9FA2B00030053 /* LoadingViewSpy.swift */; };
		BBE0D40B28F9FBDA00030053 /* TestExtensions.swift in Sources */ = {isa = PBXBuildFile; fileRef = BB8FDE3A28F6C0CF003FDB3D /* TestExtensions.swift */; };
		BBE0D42228FAD4E200030053 /* DataFactories.swift in Sources */ = {isa = PBXBuildFile; fileRef = BB8FDE3D28F6C15F003FDB3D /* DataFactories.swift */; };
		BBE0D42328FAD54C00030053 /* SignUpRequest.swift in Sources */ = {isa = PBXBuildFile; fileRef = BBE0D3FB28F9F3A600030053 /* SignUpRequest.swift */; };
		BBE0D43328FAE42800030053 /* iOS_UI.framework in Frameworks */ = {isa = PBXBuildFile; fileRef = BBE0D42B28FAE42800030053 /* iOS_UI.framework */; };
		BBE0D43828FAE42800030053 /* SignUpViewController.swift in Sources */ = {isa = PBXBuildFile; fileRef = BBE0D43728FAE42800030053 /* SignUpViewController.swift */; };
		BBE0D44028FAE58300030053 /* Presentation.framework in Frameworks */ = {isa = PBXBuildFile; fileRef = BBF72D0928F9A3D800B8AC53 /* Presentation.framework */; };
		BBE0D44128FAE58300030053 /* Presentation.framework in Embed Frameworks */ = {isa = PBXBuildFile; fileRef = BBF72D0928F9A3D800B8AC53 /* Presentation.framework */; settings = {ATTRIBUTES = (CodeSignOnCopy, RemoveHeadersOnCopy, ); }; };
		BBF72CBA28F88D3200B8AC53 /* URLProtocolStub.swift in Sources */ = {isa = PBXBuildFile; fileRef = BBF72CB928F88D3200B8AC53 /* URLProtocolStub.swift */; };
		BBF72CBB28F88EAF00B8AC53 /* TestExtensions.swift in Sources */ = {isa = PBXBuildFile; fileRef = BB8FDE3A28F6C0CF003FDB3D /* TestExtensions.swift */; };
		BBF72CBE28F8B0A800B8AC53 /* Alamofire in Frameworks */ = {isa = PBXBuildFile; productRef = BBF72CBD28F8B0A800B8AC53 /* Alamofire */; };
		BBF72CEC28F8CE6B00B8AC53 /* ExtensionHelpers.swift in Sources */ = {isa = PBXBuildFile; fileRef = BB8FDE3828F62784003FDB3D /* ExtensionHelpers.swift */; };
		BBF72CED28F8CE6C00B8AC53 /* ExtensionHelpers.swift in Sources */ = {isa = PBXBuildFile; fileRef = BB8FDE3828F62784003FDB3D /* ExtensionHelpers.swift */; };
		BBF72CEE28F8CE6C00B8AC53 /* RemoteAddAccount.swift in Sources */ = {isa = PBXBuildFile; fileRef = BB8FDE2D28F60094003FDB3D /* RemoteAddAccount.swift */; };
		BBF72CEF28F8CE6D00B8AC53 /* ExtensionHelpers.swift in Sources */ = {isa = PBXBuildFile; fileRef = BB8FDE3828F62784003FDB3D /* ExtensionHelpers.swift */; };
		BBF72CF028F8CE6D00B8AC53 /* RemoteAddAccount.swift in Sources */ = {isa = PBXBuildFile; fileRef = BB8FDE2D28F60094003FDB3D /* RemoteAddAccount.swift */; };
		BBF72CF128F8CEC900B8AC53 /* AlamofireAdapter.swift in Sources */ = {isa = PBXBuildFile; fileRef = BB8FDE6C28F75202003FDB3D /* AlamofireAdapter.swift */; };
		BBF72CF928F8CF7300B8AC53 /* IntegrationTests.swift in Sources */ = {isa = PBXBuildFile; fileRef = BBF72CF828F8CF7300B8AC53 /* IntegrationTests.swift */; };
		BBF72CFA28F8CF7300B8AC53 /* Domain.framework in Frameworks */ = {isa = PBXBuildFile; fileRef = BB8FDDFD28F5F70A003FDB3D /* Domain.framework */; };
		BBF72D1128F9A3D900B8AC53 /* Presentation.framework in Frameworks */ = {isa = PBXBuildFile; fileRef = BBF72D0928F9A3D800B8AC53 /* Presentation.framework */; };
		BBF72D1628F9A3D900B8AC53 /* SignUpPresenterTests.swift in Sources */ = {isa = PBXBuildFile; fileRef = BBF72D1528F9A3D900B8AC53 /* SignUpPresenterTests.swift */; };
/* End PBXBuildFile section */

/* Begin PBXContainerItemProxy section */
		BB8FDE1628F5FA26003FDB3D /* PBXContainerItemProxy */ = {
			isa = PBXContainerItemProxy;
			containerPortal = BB8FDDD928F5F69B003FDB3D /* Project object */;
			proxyType = 1;
			remoteGlobalIDString = BB8FDE0C28F5FA25003FDB3D;
			remoteInfo = Data;
		};
		BB8FDE2528F5FA2E003FDB3D /* PBXContainerItemProxy */ = {
			isa = PBXContainerItemProxy;
			containerPortal = BB8FDDD928F5F69B003FDB3D /* Project object */;
			proxyType = 1;
			remoteGlobalIDString = BB8FDDFC28F5F70A003FDB3D;
			remoteInfo = Domain;
		};
		BB8FDE4F28F6EE42003FDB3D /* PBXContainerItemProxy */ = {
			isa = PBXContainerItemProxy;
			containerPortal = BB8FDDD928F5F69B003FDB3D /* Project object */;
			proxyType = 1;
			remoteGlobalIDString = BB8FDE4528F6EE42003FDB3D;
			remoteInfo = Infra;
		};
		BB8FDE5D28F6EE75003FDB3D /* PBXContainerItemProxy */ = {
			isa = PBXContainerItemProxy;
			containerPortal = BB8FDDD928F5F69B003FDB3D /* Project object */;
			proxyType = 1;
			remoteGlobalIDString = BB8FDE0C28F5FA25003FDB3D;
			remoteInfo = Data;
		};
		BBE0D41F28FAD1E300030053 /* PBXContainerItemProxy */ = {
			isa = PBXContainerItemProxy;
			containerPortal = BB8FDDD928F5F69B003FDB3D /* Project object */;
			proxyType = 1;
			remoteGlobalIDString = BB8FDDFC28F5F70A003FDB3D;
			remoteInfo = Domain;
		};
		BBE0D43428FAE42800030053 /* PBXContainerItemProxy */ = {
			isa = PBXContainerItemProxy;
			containerPortal = BB8FDDD928F5F69B003FDB3D /* Project object */;
			proxyType = 1;
			remoteGlobalIDString = BBE0D42A28FAE42800030053;
			remoteInfo = "iOS-UI";
		};
		BBE0D44228FAE58300030053 /* PBXContainerItemProxy */ = {
			isa = PBXContainerItemProxy;
			containerPortal = BB8FDDD928F5F69B003FDB3D /* Project object */;
			proxyType = 1;
			remoteGlobalIDString = BBF72D0828F9A3D800B8AC53;
			remoteInfo = Presentation;
		};
		BBF72CFB28F8CF7300B8AC53 /* PBXContainerItemProxy */ = {
			isa = PBXContainerItemProxy;
			containerPortal = BB8FDDD928F5F69B003FDB3D /* Project object */;
			proxyType = 1;
			remoteGlobalIDString = BB8FDDFC28F5F70A003FDB3D;
			remoteInfo = Domain;
		};
		BBF72D0028F8CF7B00B8AC53 /* PBXContainerItemProxy */ = {
			isa = PBXContainerItemProxy;
			containerPortal = BB8FDDD928F5F69B003FDB3D /* Project object */;
			proxyType = 1;
			remoteGlobalIDString = BB8FDE0C28F5FA25003FDB3D;
			remoteInfo = Data;
		};
		BBF72D0228F8CF7B00B8AC53 /* PBXContainerItemProxy */ = {
			isa = PBXContainerItemProxy;
			containerPortal = BB8FDDD928F5F69B003FDB3D /* Project object */;
			proxyType = 1;
			remoteGlobalIDString = BB8FDE4528F6EE42003FDB3D;
			remoteInfo = Infra;
		};
/* End PBXContainerItemProxy section */

/* Begin PBXCopyFilesBuildPhase section */
		BB8FDE2728F5FA2E003FDB3D /* Embed Frameworks */ = {
			isa = PBXCopyFilesBuildPhase;
			buildActionMask = 2147483647;
			dstPath = "";
			dstSubfolderSpec = 10;
			files = (
				BB8FDE2428F5FA2E003FDB3D /* Domain.framework in Embed Frameworks */,
			);
			name = "Embed Frameworks";
			runOnlyForDeploymentPostprocessing = 0;
		};
		BB8FDE5F28F6EE75003FDB3D /* Embed Frameworks */ = {
			isa = PBXCopyFilesBuildPhase;
			buildActionMask = 2147483647;
			dstPath = "";
			dstSubfolderSpec = 10;
			files = (
				BB8FDE5C28F6EE75003FDB3D /* Data.framework in Embed Frameworks */,
			);
			name = "Embed Frameworks";
			runOnlyForDeploymentPostprocessing = 0;
		};
		BBE0D44428FAE58300030053 /* Embed Frameworks */ = {
			isa = PBXCopyFilesBuildPhase;
			buildActionMask = 2147483647;
			dstPath = "";
			dstSubfolderSpec = 10;
			files = (
				BBE0D44128FAE58300030053 /* Presentation.framework in Embed Frameworks */,
			);
			name = "Embed Frameworks";
			runOnlyForDeploymentPostprocessing = 0;
		};
/* End PBXCopyFilesBuildPhase section */

/* Begin PBXFileReference section */
		BB8FDDFD28F5F70A003FDB3D /* Domain.framework */ = {isa = PBXFileReference; explicitFileType = wrapper.framework; includeInIndex = 0; path = Domain.framework; sourceTree = BUILT_PRODUCTS_DIR; };
		BB8FDE0428F5F743003FDB3D /* AddAccount.swift */ = {isa = PBXFileReference; lastKnownFileType = sourcecode.swift; path = AddAccount.swift; sourceTree = "<group>"; };
		BB8FDE0628F5F801003FDB3D /* AccountModel.swift */ = {isa = PBXFileReference; lastKnownFileType = sourcecode.swift; path = AccountModel.swift; sourceTree = "<group>"; };
		BB8FDE0D28F5FA25003FDB3D /* Data.framework */ = {isa = PBXFileReference; explicitFileType = wrapper.framework; includeInIndex = 0; path = Data.framework; sourceTree = BUILT_PRODUCTS_DIR; };
		BB8FDE1428F5FA26003FDB3D /* DataTests.xctest */ = {isa = PBXFileReference; explicitFileType = wrapper.cfbundle; includeInIndex = 0; path = DataTests.xctest; sourceTree = BUILT_PRODUCTS_DIR; };
		BB8FDE1928F5FA26003FDB3D /* RemoteAddAccountTests.swift */ = {isa = PBXFileReference; lastKnownFileType = sourcecode.swift; path = RemoteAddAccountTests.swift; sourceTree = "<group>"; };
		BB8FDE2928F5FCFE003FDB3D /* HttpPostClient.swift */ = {isa = PBXFileReference; lastKnownFileType = sourcecode.swift; path = HttpPostClient.swift; sourceTree = "<group>"; };
		BB8FDE2D28F60094003FDB3D /* RemoteAddAccount.swift */ = {isa = PBXFileReference; lastKnownFileType = sourcecode.swift; path = RemoteAddAccount.swift; sourceTree = "<group>"; };
		BB8FDE3028F6055C003FDB3D /* Model.swift */ = {isa = PBXFileReference; lastKnownFileType = sourcecode.swift; path = Model.swift; sourceTree = "<group>"; };
		BB8FDE3228F619EB003FDB3D /* DomainError.swift */ = {isa = PBXFileReference; lastKnownFileType = sourcecode.swift; path = DomainError.swift; sourceTree = "<group>"; };
		BB8FDE3528F61A20003FDB3D /* HttpError.swift */ = {isa = PBXFileReference; lastKnownFileType = sourcecode.swift; path = HttpError.swift; sourceTree = "<group>"; };
		BB8FDE3828F62784003FDB3D /* ExtensionHelpers.swift */ = {isa = PBXFileReference; lastKnownFileType = sourcecode.swift; path = ExtensionHelpers.swift; sourceTree = "<group>"; };
		BB8FDE3A28F6C0CF003FDB3D /* TestExtensions.swift */ = {isa = PBXFileReference; lastKnownFileType = sourcecode.swift; path = TestExtensions.swift; sourceTree = "<group>"; };
		BB8FDE3D28F6C15F003FDB3D /* DataFactories.swift */ = {isa = PBXFileReference; lastKnownFileType = sourcecode.swift; path = DataFactories.swift; sourceTree = "<group>"; };
		BB8FDE3F28F6C1AC003FDB3D /* HttpPostClientSpy.swift */ = {isa = PBXFileReference; lastKnownFileType = sourcecode.swift; path = HttpPostClientSpy.swift; sourceTree = "<group>"; };
		BB8FDE4628F6EE42003FDB3D /* Infra.framework */ = {isa = PBXFileReference; explicitFileType = wrapper.framework; includeInIndex = 0; path = Infra.framework; sourceTree = BUILT_PRODUCTS_DIR; };
		BB8FDE4D28F6EE42003FDB3D /* InfraTests.xctest */ = {isa = PBXFileReference; explicitFileType = wrapper.cfbundle; includeInIndex = 0; path = InfraTests.xctest; sourceTree = BUILT_PRODUCTS_DIR; };
		BB8FDE6328F6F392003FDB3D /* AlamofireAdapterTests.swift */ = {isa = PBXFileReference; fileEncoding = 4; lastKnownFileType = sourcecode.swift; path = AlamofireAdapterTests.swift; sourceTree = "<group>"; };
		BB8FDE6C28F75202003FDB3D /* AlamofireAdapter.swift */ = {isa = PBXFileReference; lastKnownFileType = sourcecode.swift; path = AlamofireAdapter.swift; sourceTree = "<group>"; };
		BBE0D3F328F9F23800030053 /* SignUpPresenter.swift */ = {isa = PBXFileReference; lastKnownFileType = sourcecode.swift; path = SignUpPresenter.swift; sourceTree = "<group>"; };
		BBE0D3F528F9F2C500030053 /* LoadingView.swift */ = {isa = PBXFileReference; lastKnownFileType = sourcecode.swift; path = LoadingView.swift; sourceTree = "<group>"; };
		BBE0D3F728F9F2D600030053 /* AlertView.swift */ = {isa = PBXFileReference; lastKnownFileType = sourcecode.swift; path = AlertView.swift; sourceTree = "<group>"; };
		BBE0D3F928F9F34400030053 /* Validation.swift */ = {isa = PBXFileReference; lastKnownFileType = sourcecode.swift; path = Validation.swift; sourceTree = "<group>"; };
		BBE0D3FB28F9F3A600030053 /* SignUpRequest.swift */ = {isa = PBXFileReference; lastKnownFileType = sourcecode.swift; path = SignUpRequest.swift; sourceTree = "<group>"; };
		BBE0D3FE28F9F77700030053 /* PresentationFactories.swift */ = {isa = PBXFileReference; lastKnownFileType = sourcecode.swift; path = PresentationFactories.swift; sourceTree = "<group>"; };
		BBE0D40228F9F96500030053 /* AddAccountSpy.swift */ = {isa = PBXFileReference; lastKnownFileType = sourcecode.swift; name = AddAccountSpy.swift; path = ../../../Downloads/AddAccountSpy.swift; sourceTree = "<group>"; };
		BBE0D40428F9F9D100030053 /* ValidationSpy.swift */ = {isa = PBXFileReference; lastKnownFileType = sourcecode.swift; path = ValidationSpy.swift; sourceTree = "<group>"; };
		BBE0D40628F9FA0400030053 /* AlertViewSpy.swift */ = {isa = PBXFileReference; lastKnownFileType = sourcecode.swift; path = AlertViewSpy.swift; sourceTree = "<group>"; };
		BBE0D40828F9FA2B00030053 /* LoadingViewSpy.swift */ = {isa = PBXFileReference; lastKnownFileType = sourcecode.swift; path = LoadingViewSpy.swift; sourceTree = "<group>"; };
		BBE0D42B28FAE42800030053 /* iOS_UI.framework */ = {isa = PBXFileReference; explicitFileType = wrapper.framework; includeInIndex = 0; path = iOS_UI.framework; sourceTree = BUILT_PRODUCTS_DIR; };
		BBE0D43228FAE42800030053 /* iOS-UITests.xctest */ = {isa = PBXFileReference; explicitFileType = wrapper.cfbundle; includeInIndex = 0; path = "iOS-UITests.xctest"; sourceTree = BUILT_PRODUCTS_DIR; };
		BBE0D43728FAE42800030053 /* SignUpViewController.swift */ = {isa = PBXFileReference; lastKnownFileType = sourcecode.swift; path = SignUpViewController.swift; sourceTree = "<group>"; };
		BBF72CB928F88D3200B8AC53 /* URLProtocolStub.swift */ = {isa = PBXFileReference; lastKnownFileType = sourcecode.swift; path = URLProtocolStub.swift; sourceTree = "<group>"; };
		BBF72CF628F8CF7300B8AC53 /* IntegrationTests.xctest */ = {isa = PBXFileReference; explicitFileType = wrapper.cfbundle; includeInIndex = 0; path = IntegrationTests.xctest; sourceTree = BUILT_PRODUCTS_DIR; };
		BBF72CF828F8CF7300B8AC53 /* IntegrationTests.swift */ = {isa = PBXFileReference; lastKnownFileType = sourcecode.swift; path = IntegrationTests.swift; sourceTree = "<group>"; };
		BBF72D0928F9A3D800B8AC53 /* Presentation.framework */ = {isa = PBXFileReference; explicitFileType = wrapper.framework; includeInIndex = 0; path = Presentation.framework; sourceTree = BUILT_PRODUCTS_DIR; };
		BBF72D1028F9A3D900B8AC53 /* PresentationTests.xctest */ = {isa = PBXFileReference; explicitFileType = wrapper.cfbundle; includeInIndex = 0; path = PresentationTests.xctest; sourceTree = BUILT_PRODUCTS_DIR; };
		BBF72D1528F9A3D900B8AC53 /* SignUpPresenterTests.swift */ = {isa = PBXFileReference; lastKnownFileType = sourcecode.swift; path = SignUpPresenterTests.swift; sourceTree = "<group>"; };
/* End PBXFileReference section */

/* Begin PBXFrameworksBuildPhase section */
		BB8FDDFA28F5F70A003FDB3D /* Frameworks */ = {
			isa = PBXFrameworksBuildPhase;
			buildActionMask = 2147483647;
			files = (
			);
			runOnlyForDeploymentPostprocessing = 0;
		};
		BB8FDE0A28F5FA25003FDB3D /* Frameworks */ = {
			isa = PBXFrameworksBuildPhase;
			buildActionMask = 2147483647;
			files = (
				BB8FDE2328F5FA2E003FDB3D /* Domain.framework in Frameworks */,
			);
			runOnlyForDeploymentPostprocessing = 0;
		};
		BB8FDE1128F5FA26003FDB3D /* Frameworks */ = {
			isa = PBXFrameworksBuildPhase;
			buildActionMask = 2147483647;
			files = (
				BB8FDE1528F5FA26003FDB3D /* Data.framework in Frameworks */,
			);
			runOnlyForDeploymentPostprocessing = 0;
		};
		BB8FDE4328F6EE42003FDB3D /* Frameworks */ = {
			isa = PBXFrameworksBuildPhase;
			buildActionMask = 2147483647;
			files = (
				BB8FDE5B28F6EE75003FDB3D /* Data.framework in Frameworks */,
				BBF72CBE28F8B0A800B8AC53 /* Alamofire in Frameworks */,
			);
			runOnlyForDeploymentPostprocessing = 0;
		};
		BB8FDE4A28F6EE42003FDB3D /* Frameworks */ = {
			isa = PBXFrameworksBuildPhase;
			buildActionMask = 2147483647;
			files = (
				BB8FDE4E28F6EE42003FDB3D /* Infra.framework in Frameworks */,
			);
			runOnlyForDeploymentPostprocessing = 0;
		};
		BBE0D42828FAE42800030053 /* Frameworks */ = {
			isa = PBXFrameworksBuildPhase;
			buildActionMask = 2147483647;
			files = (
				BBE0D44028FAE58300030053 /* Presentation.framework in Frameworks */,
			);
			runOnlyForDeploymentPostprocessing = 0;
		};
		BBE0D42F28FAE42800030053 /* Frameworks */ = {
			isa = PBXFrameworksBuildPhase;
			buildActionMask = 2147483647;
			files = (
				BBE0D43328FAE42800030053 /* iOS_UI.framework in Frameworks */,
			);
			runOnlyForDeploymentPostprocessing = 0;
		};
		BBF72CF328F8CF7300B8AC53 /* Frameworks */ = {
			isa = PBXFrameworksBuildPhase;
			buildActionMask = 2147483647;
			files = (
				BBF72CFA28F8CF7300B8AC53 /* Domain.framework in Frameworks */,
			);
			runOnlyForDeploymentPostprocessing = 0;
		};
		BBF72D0628F9A3D800B8AC53 /* Frameworks */ = {
			isa = PBXFrameworksBuildPhase;
			buildActionMask = 2147483647;
			files = (
			);
			runOnlyForDeploymentPostprocessing = 0;
		};
		BBF72D0D28F9A3D900B8AC53 /* Frameworks */ = {
			isa = PBXFrameworksBuildPhase;
			buildActionMask = 2147483647;
			files = (
				BBF72D1128F9A3D900B8AC53 /* Presentation.framework in Frameworks */,
			);
			runOnlyForDeploymentPostprocessing = 0;
		};
/* End PBXFrameworksBuildPhase section */

/* Begin PBXGroup section */
		BB8FDDD828F5F69B003FDB3D = {
			isa = PBXGroup;
			children = (
				BB8FDDFE28F5F70A003FDB3D /* Domain */,
				BB8FDE0E28F5FA25003FDB3D /* Data */,
				BB8FDE1828F5FA26003FDB3D /* DataTests */,
				BB8FDE4728F6EE42003FDB3D /* Infra */,
				BB8FDE5128F6EE42003FDB3D /* InfraTests */,
				BBF72CF728F8CF7300B8AC53 /* IntegrationTests */,
				BBF72D0A28F9A3D900B8AC53 /* Presentation */,
				BBF72D1428F9A3D900B8AC53 /* PresentationTests */,
				BBE0D42C28FAE42800030053 /* iOS-UI */,
				BBE0D43628FAE42800030053 /* iOS-UITests */,
				BB8FDDE228F5F69B003FDB3D /* Products */,
				BB8FDE2228F5FA2E003FDB3D /* Frameworks */,
			);
			sourceTree = "<group>";
		};
		BB8FDDE228F5F69B003FDB3D /* Products */ = {
			isa = PBXGroup;
			children = (
				BB8FDDFD28F5F70A003FDB3D /* Domain.framework */,
				BB8FDE0D28F5FA25003FDB3D /* Data.framework */,
				BB8FDE1428F5FA26003FDB3D /* DataTests.xctest */,
				BB8FDE4628F6EE42003FDB3D /* Infra.framework */,
				BB8FDE4D28F6EE42003FDB3D /* InfraTests.xctest */,
				BBF72CF628F8CF7300B8AC53 /* IntegrationTests.xctest */,
				BBF72D0928F9A3D800B8AC53 /* Presentation.framework */,
				BBF72D1028F9A3D900B8AC53 /* PresentationTests.xctest */,
				BBE0D42B28FAE42800030053 /* iOS_UI.framework */,
				BBE0D43228FAE42800030053 /* iOS-UITests.xctest */,
			);
			name = Products;
			sourceTree = "<group>";
		};
		BB8FDDFE28F5F70A003FDB3D /* Domain */ = {
			isa = PBXGroup;
			children = (
				BB8FDE0428F5F743003FDB3D /* AddAccount.swift */,
				BB8FDE0628F5F801003FDB3D /* AccountModel.swift */,
				BB8FDE3028F6055C003FDB3D /* Model.swift */,
				BB8FDE3228F619EB003FDB3D /* DomainError.swift */,
			);
			path = Domain;
			sourceTree = "<group>";
		};
		BB8FDE0E28F5FA25003FDB3D /* Data */ = {
			isa = PBXGroup;
			children = (
				BB8FDE2928F5FCFE003FDB3D /* HttpPostClient.swift */,
				BB8FDE3528F61A20003FDB3D /* HttpError.swift */,
				BB8FDE3828F62784003FDB3D /* ExtensionHelpers.swift */,
				BB8FDE2D28F60094003FDB3D /* RemoteAddAccount.swift */,
			);
			path = Data;
			sourceTree = "<group>";
		};
		BB8FDE1828F5FA26003FDB3D /* DataTests */ = {
			isa = PBXGroup;
			children = (
				BB8FDE1928F5FA26003FDB3D /* RemoteAddAccountTests.swift */,
				BB8FDE3F28F6C1AC003FDB3D /* HttpPostClientSpy.swift */,
				BB8FDE3A28F6C0CF003FDB3D /* TestExtensions.swift */,
				BBE0D42528FAD5E800030053 /* Helpers */,
			);
			path = DataTests;
			sourceTree = "<group>";
		};
		BB8FDE2228F5FA2E003FDB3D /* Frameworks */ = {
			isa = PBXGroup;
			children = (
			);
			name = Frameworks;
			sourceTree = "<group>";
		};
		BB8FDE4728F6EE42003FDB3D /* Infra */ = {
			isa = PBXGroup;
			children = (
				BB8FDE6C28F75202003FDB3D /* AlamofireAdapter.swift */,
			);
			path = Infra;
			sourceTree = "<group>";
		};
		BB8FDE5128F6EE42003FDB3D /* InfraTests */ = {
			isa = PBXGroup;
			children = (
				BB8FDE6328F6F392003FDB3D /* AlamofireAdapterTests.swift */,
				BBF72CB928F88D3200B8AC53 /* URLProtocolStub.swift */,
			);
			path = InfraTests;
			sourceTree = "<group>";
		};
		BBE0D42428FAD5CE00030053 /* Helpers */ = {
			isa = PBXGroup;
			children = (
				BBE0D3FE28F9F77700030053 /* PresentationFactories.swift */,
			);
			path = Helpers;
			sourceTree = "<group>";
		};
		BBE0D42528FAD5E800030053 /* Helpers */ = {
			isa = PBXGroup;
			children = (
				BB8FDE3D28F6C15F003FDB3D /* DataFactories.swift */,
			);
			path = Helpers;
			sourceTree = "<group>";
		};
		BBE0D42C28FAE42800030053 /* iOS-UI */ = {
			isa = PBXGroup;
			children = (
			);
			path = "iOS-UI";
			sourceTree = "<group>";
		};
		BBE0D43628FAE42800030053 /* iOS-UITests */ = {
			isa = PBXGroup;
			children = (
				BBE0D43728FAE42800030053 /* SignUpViewController.swift */,
			);
			path = "iOS-UITests";
			sourceTree = "<group>";
		};
		BBF72CF728F8CF7300B8AC53 /* IntegrationTests */ = {
			isa = PBXGroup;
			children = (
				BBF72CF828F8CF7300B8AC53 /* IntegrationTests.swift */,
			);
			path = IntegrationTests;
			sourceTree = "<group>";
		};
		BBF72D0A28F9A3D900B8AC53 /* Presentation */ = {
			isa = PBXGroup;
			children = (
				BBE0D3F328F9F23800030053 /* SignUpPresenter.swift */,
				BBE0D3FB28F9F3A600030053 /* SignUpRequest.swift */,
				BBE0D3F928F9F34400030053 /* Validation.swift */,
				BBE0D3F528F9F2C500030053 /* LoadingView.swift */,
				BBE0D3F728F9F2D600030053 /* AlertView.swift */,
			);
			path = Presentation;
			sourceTree = "<group>";
		};
		BBF72D1428F9A3D900B8AC53 /* PresentationTests */ = {
			isa = PBXGroup;
			children = (
				BBF72D1528F9A3D900B8AC53 /* SignUpPresenterTests.swift */,
				BBE0D42428FAD5CE00030053 /* Helpers */,
				BBE0D40228F9F96500030053 /* AddAccountSpy.swift */,
				BBE0D40628F9FA0400030053 /* AlertViewSpy.swift */,
				BBE0D40828F9FA2B00030053 /* LoadingViewSpy.swift */,
				BBE0D40428F9F9D100030053 /* ValidationSpy.swift */,
			);
			path = PresentationTests;
			sourceTree = "<group>";
		};
/* End PBXGroup section */

/* Begin PBXHeadersBuildPhase section */
		BB8FDDF828F5F70A003FDB3D /* Headers */ = {
			isa = PBXHeadersBuildPhase;
			buildActionMask = 2147483647;
			files = (
			);
			runOnlyForDeploymentPostprocessing = 0;
		};
		BB8FDE0828F5FA25003FDB3D /* Headers */ = {
			isa = PBXHeadersBuildPhase;
			buildActionMask = 2147483647;
			files = (
			);
			runOnlyForDeploymentPostprocessing = 0;
		};
		BB8FDE4128F6EE42003FDB3D /* Headers */ = {
			isa = PBXHeadersBuildPhase;
			buildActionMask = 2147483647;
			files = (
			);
			runOnlyForDeploymentPostprocessing = 0;
		};
		BBE0D42628FAE42800030053 /* Headers */ = {
			isa = PBXHeadersBuildPhase;
			buildActionMask = 2147483647;
			files = (
			);
			runOnlyForDeploymentPostprocessing = 0;
		};
		BBF72D0428F9A3D800B8AC53 /* Headers */ = {
			isa = PBXHeadersBuildPhase;
			buildActionMask = 2147483647;
			files = (
			);
			runOnlyForDeploymentPostprocessing = 0;
		};
/* End PBXHeadersBuildPhase section */

/* Begin PBXNativeTarget section */
		BB8FDDFC28F5F70A003FDB3D /* Domain */ = {
			isa = PBXNativeTarget;
			buildConfigurationList = BB8FDE0128F5F70A003FDB3D /* Build configuration list for PBXNativeTarget "Domain" */;
			buildPhases = (
				BB8FDDF828F5F70A003FDB3D /* Headers */,
				BB8FDDF928F5F70A003FDB3D /* Sources */,
				BB8FDDFA28F5F70A003FDB3D /* Frameworks */,
				BB8FDDFB28F5F70A003FDB3D /* Resources */,
			);
			buildRules = (
			);
			dependencies = (
			);
			name = Domain;
			packageProductDependencies = (
			);
			productName = Domain;
			productReference = BB8FDDFD28F5F70A003FDB3D /* Domain.framework */;
			productType = "com.apple.product-type.framework";
		};
		BB8FDE0C28F5FA25003FDB3D /* Data */ = {
			isa = PBXNativeTarget;
			buildConfigurationList = BB8FDE1C28F5FA26003FDB3D /* Build configuration list for PBXNativeTarget "Data" */;
			buildPhases = (
				BB8FDE0828F5FA25003FDB3D /* Headers */,
				BB8FDE0928F5FA25003FDB3D /* Sources */,
				BB8FDE0A28F5FA25003FDB3D /* Frameworks */,
				BB8FDE0B28F5FA25003FDB3D /* Resources */,
				BB8FDE2728F5FA2E003FDB3D /* Embed Frameworks */,
			);
			buildRules = (
			);
			dependencies = (
				BB8FDE2628F5FA2E003FDB3D /* PBXTargetDependency */,
			);
			name = Data;
			productName = Data;
			productReference = BB8FDE0D28F5FA25003FDB3D /* Data.framework */;
			productType = "com.apple.product-type.framework";
		};
		BB8FDE1328F5FA26003FDB3D /* DataTests */ = {
			isa = PBXNativeTarget;
			buildConfigurationList = BB8FDE1F28F5FA26003FDB3D /* Build configuration list for PBXNativeTarget "DataTests" */;
			buildPhases = (
				BB8FDE1028F5FA26003FDB3D /* Sources */,
				BB8FDE1128F5FA26003FDB3D /* Frameworks */,
				BB8FDE1228F5FA26003FDB3D /* Resources */,
			);
			buildRules = (
			);
			dependencies = (
				BB8FDE1728F5FA26003FDB3D /* PBXTargetDependency */,
			);
			name = DataTests;
			productName = DataTests;
			productReference = BB8FDE1428F5FA26003FDB3D /* DataTests.xctest */;
			productType = "com.apple.product-type.bundle.unit-test";
		};
		BB8FDE4528F6EE42003FDB3D /* Infra */ = {
			isa = PBXNativeTarget;
			buildConfigurationList = BB8FDE5528F6EE42003FDB3D /* Build configuration list for PBXNativeTarget "Infra" */;
			buildPhases = (
				BB8FDE4128F6EE42003FDB3D /* Headers */,
				BB8FDE4228F6EE42003FDB3D /* Sources */,
				BB8FDE4328F6EE42003FDB3D /* Frameworks */,
				BB8FDE4428F6EE42003FDB3D /* Resources */,
				BB8FDE5F28F6EE75003FDB3D /* Embed Frameworks */,
			);
			buildRules = (
			);
			dependencies = (
				BB8FDE5E28F6EE75003FDB3D /* PBXTargetDependency */,
			);
			name = Infra;
			packageProductDependencies = (
				BBF72CBD28F8B0A800B8AC53 /* Alamofire */,
			);
			productName = Infra;
			productReference = BB8FDE4628F6EE42003FDB3D /* Infra.framework */;
			productType = "com.apple.product-type.framework";
		};
		BB8FDE4C28F6EE42003FDB3D /* InfraTests */ = {
			isa = PBXNativeTarget;
			buildConfigurationList = BB8FDE5828F6EE42003FDB3D /* Build configuration list for PBXNativeTarget "InfraTests" */;
			buildPhases = (
				BB8FDE4928F6EE42003FDB3D /* Sources */,
				BB8FDE4A28F6EE42003FDB3D /* Frameworks */,
				BB8FDE4B28F6EE42003FDB3D /* Resources */,
			);
			buildRules = (
			);
			dependencies = (
				BB8FDE5028F6EE42003FDB3D /* PBXTargetDependency */,
			);
			name = InfraTests;
			productName = InfraTests;
			productReference = BB8FDE4D28F6EE42003FDB3D /* InfraTests.xctest */;
			productType = "com.apple.product-type.bundle.unit-test";
		};
		BBE0D42A28FAE42800030053 /* iOS-UI */ = {
			isa = PBXNativeTarget;
			buildConfigurationList = BBE0D43A28FAE42800030053 /* Build configuration list for PBXNativeTarget "iOS-UI" */;
			buildPhases = (
				BBE0D42628FAE42800030053 /* Headers */,
				BBE0D42728FAE42800030053 /* Sources */,
				BBE0D42828FAE42800030053 /* Frameworks */,
				BBE0D42928FAE42800030053 /* Resources */,
				BBE0D44428FAE58300030053 /* Embed Frameworks */,
			);
			buildRules = (
			);
			dependencies = (
				BBE0D44328FAE58300030053 /* PBXTargetDependency */,
			);
			name = "iOS-UI";
			productName = "iOS-UI";
			productReference = BBE0D42B28FAE42800030053 /* iOS_UI.framework */;
			productType = "com.apple.product-type.framework";
		};
		BBE0D43128FAE42800030053 /* iOS-UITests */ = {
			isa = PBXNativeTarget;
			buildConfigurationList = BBE0D43D28FAE42800030053 /* Build configuration list for PBXNativeTarget "iOS-UITests" */;
			buildPhases = (
				BBE0D42E28FAE42800030053 /* Sources */,
				BBE0D42F28FAE42800030053 /* Frameworks */,
				BBE0D43028FAE42800030053 /* Resources */,
			);
			buildRules = (
			);
			dependencies = (
				BBE0D43528FAE42800030053 /* PBXTargetDependency */,
			);
			name = "iOS-UITests";
			productName = "iOS-UITests";
			productReference = BBE0D43228FAE42800030053 /* iOS-UITests.xctest */;
			productType = "com.apple.product-type.bundle.unit-test";
		};
		BBF72CF528F8CF7300B8AC53 /* IntegrationTests */ = {
			isa = PBXNativeTarget;
			buildConfigurationList = BBF72CFD28F8CF7300B8AC53 /* Build configuration list for PBXNativeTarget "IntegrationTests" */;
			buildPhases = (
				BBF72CF228F8CF7300B8AC53 /* Sources */,
				BBF72CF328F8CF7300B8AC53 /* Frameworks */,
				BBF72CF428F8CF7300B8AC53 /* Resources */,
			);
			buildRules = (
			);
			dependencies = (
				BBF72D0128F8CF7B00B8AC53 /* PBXTargetDependency */,
				BBF72D0328F8CF7B00B8AC53 /* PBXTargetDependency */,
				BBF72CFC28F8CF7300B8AC53 /* PBXTargetDependency */,
			);
			name = IntegrationTests;
			productName = IntegrationTests;
			productReference = BBF72CF628F8CF7300B8AC53 /* IntegrationTests.xctest */;
			productType = "com.apple.product-type.bundle.unit-test";
		};
		BBF72D0828F9A3D800B8AC53 /* Presentation */ = {
			isa = PBXNativeTarget;
			buildConfigurationList = BBF72D1C28F9A3D900B8AC53 /* Build configuration list for PBXNativeTarget "Presentation" */;
			buildPhases = (
				BBF72D0428F9A3D800B8AC53 /* Headers */,
				BBF72D0528F9A3D800B8AC53 /* Sources */,
				BBF72D0628F9A3D800B8AC53 /* Frameworks */,
				BBF72D0728F9A3D800B8AC53 /* Resources */,
			);
			buildRules = (
			);
			dependencies = (
				BBE0D42028FAD1E300030053 /* PBXTargetDependency */,
			);
			name = Presentation;
			productName = Presentation;
			productReference = BBF72D0928F9A3D800B8AC53 /* Presentation.framework */;
			productType = "com.apple.product-type.framework";
		};
		BBF72D0F28F9A3D900B8AC53 /* PresentationTests */ = {
			isa = PBXNativeTarget;
			buildConfigurationList = BBF72D1D28F9A3D900B8AC53 /* Build configuration list for PBXNativeTarget "PresentationTests" */;
			buildPhases = (
				BBF72D0C28F9A3D900B8AC53 /* Sources */,
				BBF72D0D28F9A3D900B8AC53 /* Frameworks */,
				BBF72D0E28F9A3D900B8AC53 /* Resources */,
			);
			buildRules = (
			);
			dependencies = (
			);
			name = PresentationTests;
			productName = PresentationTests;
			productReference = BBF72D1028F9A3D900B8AC53 /* PresentationTests.xctest */;
			productType = "com.apple.product-type.bundle.unit-test";
		};
/* End PBXNativeTarget section */

/* Begin PBXProject section */
		BB8FDDD928F5F69B003FDB3D /* Project object */ = {
			isa = PBXProject;
			attributes = {
				BuildIndependentTargetsInParallel = 1;
				LastSwiftUpdateCheck = 1400;
				LastUpgradeCheck = 1400;
				TargetAttributes = {
					BB8FDDFC28F5F70A003FDB3D = {
						CreatedOnToolsVersion = 14.0.1;
						LastSwiftMigration = 1400;
					};
					BB8FDE0C28F5FA25003FDB3D = {
						CreatedOnToolsVersion = 14.0.1;
						LastSwiftMigration = 1400;
					};
					BB8FDE1328F5FA26003FDB3D = {
						CreatedOnToolsVersion = 14.0.1;
					};
					BB8FDE4528F6EE42003FDB3D = {
						CreatedOnToolsVersion = 14.0.1;
						LastSwiftMigration = 1400;
					};
					BB8FDE4C28F6EE42003FDB3D = {
						CreatedOnToolsVersion = 14.0.1;
					};
					BBE0D42A28FAE42800030053 = {
						CreatedOnToolsVersion = 14.0.1;
					};
					BBE0D43128FAE42800030053 = {
						CreatedOnToolsVersion = 14.0.1;
					};
					BBF72CF528F8CF7300B8AC53 = {
						CreatedOnToolsVersion = 14.0.1;
					};
					BBF72D0828F9A3D800B8AC53 = {
						CreatedOnToolsVersion = 14.0.1;
						LastSwiftMigration = 1400;
					};
					BBF72D0F28F9A3D900B8AC53 = {
						CreatedOnToolsVersion = 14.0.1;
					};
				};
			};
			buildConfigurationList = BB8FDDDC28F5F69B003FDB3D /* Build configuration list for PBXProject "clean" */;
			compatibilityVersion = "Xcode 14.0";
			developmentRegion = en;
			hasScannedForEncodings = 0;
			knownRegions = (
				en,
				Base,
			);
			mainGroup = BB8FDDD828F5F69B003FDB3D;
			packageReferences = (
				BBF72CBC28F8B0A800B8AC53 /* XCRemoteSwiftPackageReference "Alamofire" */,
			);
			productRefGroup = BB8FDDE228F5F69B003FDB3D /* Products */;
			projectDirPath = "";
			projectRoot = "";
			targets = (
				BB8FDDFC28F5F70A003FDB3D /* Domain */,
				BB8FDE0C28F5FA25003FDB3D /* Data */,
				BB8FDE1328F5FA26003FDB3D /* DataTests */,
				BB8FDE4528F6EE42003FDB3D /* Infra */,
				BB8FDE4C28F6EE42003FDB3D /* InfraTests */,
				BBF72CF528F8CF7300B8AC53 /* IntegrationTests */,
				BBF72D0828F9A3D800B8AC53 /* Presentation */,
				BBF72D0F28F9A3D900B8AC53 /* PresentationTests */,
				BBE0D42A28FAE42800030053 /* iOS-UI */,
				BBE0D43128FAE42800030053 /* iOS-UITests */,
			);
		};
/* End PBXProject section */

/* Begin PBXResourcesBuildPhase section */
		BB8FDDFB28F5F70A003FDB3D /* Resources */ = {
			isa = PBXResourcesBuildPhase;
			buildActionMask = 2147483647;
			files = (
			);
			runOnlyForDeploymentPostprocessing = 0;
		};
		BB8FDE0B28F5FA25003FDB3D /* Resources */ = {
			isa = PBXResourcesBuildPhase;
			buildActionMask = 2147483647;
			files = (
			);
			runOnlyForDeploymentPostprocessing = 0;
		};
		BB8FDE1228F5FA26003FDB3D /* Resources */ = {
			isa = PBXResourcesBuildPhase;
			buildActionMask = 2147483647;
			files = (
			);
			runOnlyForDeploymentPostprocessing = 0;
		};
		BB8FDE4428F6EE42003FDB3D /* Resources */ = {
			isa = PBXResourcesBuildPhase;
			buildActionMask = 2147483647;
			files = (
			);
			runOnlyForDeploymentPostprocessing = 0;
		};
		BB8FDE4B28F6EE42003FDB3D /* Resources */ = {
			isa = PBXResourcesBuildPhase;
			buildActionMask = 2147483647;
			files = (
			);
			runOnlyForDeploymentPostprocessing = 0;
		};
		BBE0D42928FAE42800030053 /* Resources */ = {
			isa = PBXResourcesBuildPhase;
			buildActionMask = 2147483647;
			files = (
			);
			runOnlyForDeploymentPostprocessing = 0;
		};
		BBE0D43028FAE42800030053 /* Resources */ = {
			isa = PBXResourcesBuildPhase;
			buildActionMask = 2147483647;
			files = (
			);
			runOnlyForDeploymentPostprocessing = 0;
		};
		BBF72CF428F8CF7300B8AC53 /* Resources */ = {
			isa = PBXResourcesBuildPhase;
			buildActionMask = 2147483647;
			files = (
			);
			runOnlyForDeploymentPostprocessing = 0;
		};
		BBF72D0728F9A3D800B8AC53 /* Resources */ = {
			isa = PBXResourcesBuildPhase;
			buildActionMask = 2147483647;
			files = (
			);
			runOnlyForDeploymentPostprocessing = 0;
		};
		BBF72D0E28F9A3D900B8AC53 /* Resources */ = {
			isa = PBXResourcesBuildPhase;
			buildActionMask = 2147483647;
			files = (
			);
			runOnlyForDeploymentPostprocessing = 0;
		};
/* End PBXResourcesBuildPhase section */

/* Begin PBXSourcesBuildPhase section */
		BB8FDDF928F5F70A003FDB3D /* Sources */ = {
			isa = PBXSourcesBuildPhase;
			buildActionMask = 2147483647;
			files = (
				BB8FDE3128F6055C003FDB3D /* Model.swift in Sources */,
				BB8FDE0528F5F743003FDB3D /* AddAccount.swift in Sources */,
				BB8FDE3428F619FC003FDB3D /* DomainError.swift in Sources */,
				BB8FDE0728F5F801003FDB3D /* AccountModel.swift in Sources */,
			);
			runOnlyForDeploymentPostprocessing = 0;
		};
		BB8FDE0928F5FA25003FDB3D /* Sources */ = {
			isa = PBXSourcesBuildPhase;
			buildActionMask = 2147483647;
			files = (
				BB8FDE2A28F5FCFE003FDB3D /* HttpPostClient.swift in Sources */,
				BB8FDE3928F62784003FDB3D /* ExtensionHelpers.swift in Sources */,
				BB8FDE3628F61A20003FDB3D /* HttpError.swift in Sources */,
				BB8FDE2E28F60094003FDB3D /* RemoteAddAccount.swift in Sources */,
			);
			runOnlyForDeploymentPostprocessing = 0;
		};
		BB8FDE1028F5FA26003FDB3D /* Sources */ = {
			isa = PBXSourcesBuildPhase;
			buildActionMask = 2147483647;
			files = (
				BB8FDE3E28F6C15F003FDB3D /* DataFactories.swift in Sources */,
				BBF72CEC28F8CE6B00B8AC53 /* ExtensionHelpers.swift in Sources */,
				BB8FDE3728F61CA5003FDB3D /* HttpError.swift in Sources */,
				BB8FDE2F28F600A3003FDB3D /* RemoteAddAccount.swift in Sources */,
				BB8FDE2C28F5FDC6003FDB3D /* HttpPostClient.swift in Sources */,
				BB8FDE3C28F6C123003FDB3D /* TestExtensions.swift in Sources */,
				BB8FDE4028F6C1AC003FDB3D /* HttpPostClientSpy.swift in Sources */,
				BB8FDE1A28F5FA26003FDB3D /* RemoteAddAccountTests.swift in Sources */,
			);
			runOnlyForDeploymentPostprocessing = 0;
		};
		BB8FDE4228F6EE42003FDB3D /* Sources */ = {
			isa = PBXSourcesBuildPhase;
			buildActionMask = 2147483647;
			files = (
				BB8FDE6E28F7524B003FDB3D /* HttpPostClient.swift in Sources */,
				BBF72CED28F8CE6C00B8AC53 /* ExtensionHelpers.swift in Sources */,
				BBF72CEE28F8CE6C00B8AC53 /* RemoteAddAccount.swift in Sources */,
				BB8FDE7028F7525E003FDB3D /* HttpError.swift in Sources */,
				BB8FDE6D28F75202003FDB3D /* AlamofireAdapter.swift in Sources */,
			);
			runOnlyForDeploymentPostprocessing = 0;
		};
		BB8FDE4928F6EE42003FDB3D /* Sources */ = {
			isa = PBXSourcesBuildPhase;
			buildActionMask = 2147483647;
			files = (
				BB8FDE7128F7525E003FDB3D /* HttpError.swift in Sources */,
				BBF72CEF28F8CE6D00B8AC53 /* ExtensionHelpers.swift in Sources */,
				BBF72CF128F8CEC900B8AC53 /* AlamofireAdapter.swift in Sources */,
				BBF72CBA28F88D3200B8AC53 /* URLProtocolStub.swift in Sources */,
				BBF72CF028F8CE6D00B8AC53 /* RemoteAddAccount.swift in Sources */,
				BBF72CBB28F88EAF00B8AC53 /* TestExtensions.swift in Sources */,
				BB8FDE6B28F74D3B003FDB3D /* DataFactories.swift in Sources */,
				BB8FDE6F28F7524F003FDB3D /* HttpPostClient.swift in Sources */,
				BB8FDE6428F6F392003FDB3D /* AlamofireAdapterTests.swift in Sources */,
			);
			runOnlyForDeploymentPostprocessing = 0;
		};
		BBE0D42728FAE42800030053 /* Sources */ = {
			isa = PBXSourcesBuildPhase;
			buildActionMask = 2147483647;
			files = (
			);
			runOnlyForDeploymentPostprocessing = 0;
		};
		BBE0D42E28FAE42800030053 /* Sources */ = {
			isa = PBXSourcesBuildPhase;
			buildActionMask = 2147483647;
			files = (
				BBE0D43828FAE42800030053 /* SignUpViewController.swift in Sources */,
			);
			runOnlyForDeploymentPostprocessing = 0;
		};
		BBF72CF228F8CF7300B8AC53 /* Sources */ = {
			isa = PBXSourcesBuildPhase;
			buildActionMask = 2147483647;
			files = (
				BBF72CF928F8CF7300B8AC53 /* IntegrationTests.swift in Sources */,
			);
			runOnlyForDeploymentPostprocessing = 0;
		};
		BBF72D0528F9A3D800B8AC53 /* Sources */ = {
			isa = PBXSourcesBuildPhase;
			buildActionMask = 2147483647;
			files = (
				BBE0D3F428F9F23800030053 /* SignUpPresenter.swift in Sources */,
				BBE0D3F628F9F2C500030053 /* LoadingView.swift in Sources */,
				BBE0D3FD28F9F53500030053 /* Model.swift in Sources */,
				BBE0D3FA28F9F34400030053 /* Validation.swift in Sources */,
				BBE0D3F828F9F2D600030053 /* AlertView.swift in Sources */,
				BBE0D42328FAD54C00030053 /* SignUpRequest.swift in Sources */,
			);
			runOnlyForDeploymentPostprocessing = 0;
		};
		BBF72D0C28F9A3D900B8AC53 /* Sources */ = {
			isa = PBXSourcesBuildPhase;
			buildActionMask = 2147483647;
			files = (
				BBE0D42228FAD4E200030053 /* DataFactories.swift in Sources */,
				BBE0D40928F9FA2B00030053 /* LoadingViewSpy.swift in Sources */,
				BBE0D40328F9F96500030053 /* AddAccountSpy.swift in Sources */,
				BBE0D40528F9F9D100030053 /* ValidationSpy.swift in Sources */,
				BBE0D40728F9FA0400030053 /* AlertViewSpy.swift in Sources */,
				BBE0D3FF28F9F77700030053 /* PresentationFactories.swift in Sources */,
				BBF72D1628F9A3D900B8AC53 /* SignUpPresenterTests.swift in Sources */,
				BBE0D40B28F9FBDA00030053 /* TestExtensions.swift in Sources */,
			);
			runOnlyForDeploymentPostprocessing = 0;
		};
/* End PBXSourcesBuildPhase section */

/* Begin PBXTargetDependency section */
		BB8FDE1728F5FA26003FDB3D /* PBXTargetDependency */ = {
			isa = PBXTargetDependency;
			target = BB8FDE0C28F5FA25003FDB3D /* Data */;
			targetProxy = BB8FDE1628F5FA26003FDB3D /* PBXContainerItemProxy */;
		};
		BB8FDE2628F5FA2E003FDB3D /* PBXTargetDependency */ = {
			isa = PBXTargetDependency;
			target = BB8FDDFC28F5F70A003FDB3D /* Domain */;
			targetProxy = BB8FDE2528F5FA2E003FDB3D /* PBXContainerItemProxy */;
		};
		BB8FDE5028F6EE42003FDB3D /* PBXTargetDependency */ = {
			isa = PBXTargetDependency;
			target = BB8FDE4528F6EE42003FDB3D /* Infra */;
			targetProxy = BB8FDE4F28F6EE42003FDB3D /* PBXContainerItemProxy */;
		};
		BB8FDE5E28F6EE75003FDB3D /* PBXTargetDependency */ = {
			isa = PBXTargetDependency;
			target = BB8FDE0C28F5FA25003FDB3D /* Data */;
			targetProxy = BB8FDE5D28F6EE75003FDB3D /* PBXContainerItemProxy */;
		};
		BBE0D42028FAD1E300030053 /* PBXTargetDependency */ = {
			isa = PBXTargetDependency;
			target = BB8FDDFC28F5F70A003FDB3D /* Domain */;
			targetProxy = BBE0D41F28FAD1E300030053 /* PBXContainerItemProxy */;
		};
		BBE0D43528FAE42800030053 /* PBXTargetDependency */ = {
			isa = PBXTargetDependency;
			target = BBE0D42A28FAE42800030053 /* iOS-UI */;
			targetProxy = BBE0D43428FAE42800030053 /* PBXContainerItemProxy */;
		};
		BBE0D44328FAE58300030053 /* PBXTargetDependency */ = {
			isa = PBXTargetDependency;
			target = BBF72D0828F9A3D800B8AC53 /* Presentation */;
			targetProxy = BBE0D44228FAE58300030053 /* PBXContainerItemProxy */;
		};
		BBF72CFC28F8CF7300B8AC53 /* PBXTargetDependency */ = {
			isa = PBXTargetDependency;
			target = BB8FDDFC28F5F70A003FDB3D /* Domain */;
			targetProxy = BBF72CFB28F8CF7300B8AC53 /* PBXContainerItemProxy */;
		};
		BBF72D0128F8CF7B00B8AC53 /* PBXTargetDependency */ = {
			isa = PBXTargetDependency;
			target = BB8FDE0C28F5FA25003FDB3D /* Data */;
			targetProxy = BBF72D0028F8CF7B00B8AC53 /* PBXContainerItemProxy */;
		};
		BBF72D0328F8CF7B00B8AC53 /* PBXTargetDependency */ = {
			isa = PBXTargetDependency;
			target = BB8FDE4528F6EE42003FDB3D /* Infra */;
			targetProxy = BBF72D0228F8CF7B00B8AC53 /* PBXContainerItemProxy */;
		};
/* End PBXTargetDependency section */

/* Begin XCBuildConfiguration section */
		BB8FDDF328F5F69C003FDB3D /* Debug */ = {
			isa = XCBuildConfiguration;
			buildSettings = {
				ALWAYS_SEARCH_USER_PATHS = NO;
				CLANG_ANALYZER_NONNULL = YES;
				CLANG_ANALYZER_NUMBER_OBJECT_CONVERSION = YES_AGGRESSIVE;
				CLANG_CXX_LANGUAGE_STANDARD = "gnu++20";
				CLANG_ENABLE_MODULES = YES;
				CLANG_ENABLE_OBJC_ARC = YES;
				CLANG_ENABLE_OBJC_WEAK = YES;
				CLANG_WARN_BLOCK_CAPTURE_AUTORELEASING = YES;
				CLANG_WARN_BOOL_CONVERSION = YES;
				CLANG_WARN_COMMA = YES;
				CLANG_WARN_CONSTANT_CONVERSION = YES;
				CLANG_WARN_DEPRECATED_OBJC_IMPLEMENTATIONS = YES;
				CLANG_WARN_DIRECT_OBJC_ISA_USAGE = YES_ERROR;
				CLANG_WARN_DOCUMENTATION_COMMENTS = YES;
				CLANG_WARN_EMPTY_BODY = YES;
				CLANG_WARN_ENUM_CONVERSION = YES;
				CLANG_WARN_INFINITE_RECURSION = YES;
				CLANG_WARN_INT_CONVERSION = YES;
				CLANG_WARN_NON_LITERAL_NULL_CONVERSION = YES;
				CLANG_WARN_OBJC_IMPLICIT_RETAIN_SELF = YES;
				CLANG_WARN_OBJC_LITERAL_CONVERSION = YES;
				CLANG_WARN_OBJC_ROOT_CLASS = YES_ERROR;
				CLANG_WARN_QUOTED_INCLUDE_IN_FRAMEWORK_HEADER = YES;
				CLANG_WARN_RANGE_LOOP_ANALYSIS = YES;
				CLANG_WARN_STRICT_PROTOTYPES = YES;
				CLANG_WARN_SUSPICIOUS_MOVE = YES;
				CLANG_WARN_UNGUARDED_AVAILABILITY = YES_AGGRESSIVE;
				CLANG_WARN_UNREACHABLE_CODE = YES;
				CLANG_WARN__DUPLICATE_METHOD_MATCH = YES;
				COPY_PHASE_STRIP = NO;
				DEBUG_INFORMATION_FORMAT = dwarf;
				ENABLE_STRICT_OBJC_MSGSEND = YES;
				ENABLE_TESTABILITY = YES;
				GCC_C_LANGUAGE_STANDARD = gnu11;
				GCC_DYNAMIC_NO_PIC = NO;
				GCC_NO_COMMON_BLOCKS = YES;
				GCC_OPTIMIZATION_LEVEL = 0;
				GCC_PREPROCESSOR_DEFINITIONS = (
					"DEBUG=1",
					"$(inherited)",
				);
				GCC_WARN_64_TO_32_BIT_CONVERSION = YES;
				GCC_WARN_ABOUT_RETURN_TYPE = YES_ERROR;
				GCC_WARN_UNDECLARED_SELECTOR = YES;
				GCC_WARN_UNINITIALIZED_AUTOS = YES_AGGRESSIVE;
				GCC_WARN_UNUSED_FUNCTION = YES;
				GCC_WARN_UNUSED_VARIABLE = YES;
				IPHONEOS_DEPLOYMENT_TARGET = 16.0;
				MTL_ENABLE_DEBUG_INFO = INCLUDE_SOURCE;
				MTL_FAST_MATH = YES;
				ONLY_ACTIVE_ARCH = YES;
				SDKROOT = iphoneos;
				SWIFT_ACTIVE_COMPILATION_CONDITIONS = DEBUG;
				SWIFT_OPTIMIZATION_LEVEL = "-Onone";
			};
			name = Debug;
		};
		BB8FDDF428F5F69C003FDB3D /* Release */ = {
			isa = XCBuildConfiguration;
			buildSettings = {
				ALWAYS_SEARCH_USER_PATHS = NO;
				CLANG_ANALYZER_NONNULL = YES;
				CLANG_ANALYZER_NUMBER_OBJECT_CONVERSION = YES_AGGRESSIVE;
				CLANG_CXX_LANGUAGE_STANDARD = "gnu++20";
				CLANG_ENABLE_MODULES = YES;
				CLANG_ENABLE_OBJC_ARC = YES;
				CLANG_ENABLE_OBJC_WEAK = YES;
				CLANG_WARN_BLOCK_CAPTURE_AUTORELEASING = YES;
				CLANG_WARN_BOOL_CONVERSION = YES;
				CLANG_WARN_COMMA = YES;
				CLANG_WARN_CONSTANT_CONVERSION = YES;
				CLANG_WARN_DEPRECATED_OBJC_IMPLEMENTATIONS = YES;
				CLANG_WARN_DIRECT_OBJC_ISA_USAGE = YES_ERROR;
				CLANG_WARN_DOCUMENTATION_COMMENTS = YES;
				CLANG_WARN_EMPTY_BODY = YES;
				CLANG_WARN_ENUM_CONVERSION = YES;
				CLANG_WARN_INFINITE_RECURSION = YES;
				CLANG_WARN_INT_CONVERSION = YES;
				CLANG_WARN_NON_LITERAL_NULL_CONVERSION = YES;
				CLANG_WARN_OBJC_IMPLICIT_RETAIN_SELF = YES;
				CLANG_WARN_OBJC_LITERAL_CONVERSION = YES;
				CLANG_WARN_OBJC_ROOT_CLASS = YES_ERROR;
				CLANG_WARN_QUOTED_INCLUDE_IN_FRAMEWORK_HEADER = YES;
				CLANG_WARN_RANGE_LOOP_ANALYSIS = YES;
				CLANG_WARN_STRICT_PROTOTYPES = YES;
				CLANG_WARN_SUSPICIOUS_MOVE = YES;
				CLANG_WARN_UNGUARDED_AVAILABILITY = YES_AGGRESSIVE;
				CLANG_WARN_UNREACHABLE_CODE = YES;
				CLANG_WARN__DUPLICATE_METHOD_MATCH = YES;
				COPY_PHASE_STRIP = NO;
				DEBUG_INFORMATION_FORMAT = "dwarf-with-dsym";
				ENABLE_NS_ASSERTIONS = NO;
				ENABLE_STRICT_OBJC_MSGSEND = YES;
				GCC_C_LANGUAGE_STANDARD = gnu11;
				GCC_NO_COMMON_BLOCKS = YES;
				GCC_WARN_64_TO_32_BIT_CONVERSION = YES;
				GCC_WARN_ABOUT_RETURN_TYPE = YES_ERROR;
				GCC_WARN_UNDECLARED_SELECTOR = YES;
				GCC_WARN_UNINITIALIZED_AUTOS = YES_AGGRESSIVE;
				GCC_WARN_UNUSED_FUNCTION = YES;
				GCC_WARN_UNUSED_VARIABLE = YES;
				IPHONEOS_DEPLOYMENT_TARGET = 16.0;
				MTL_ENABLE_DEBUG_INFO = NO;
				MTL_FAST_MATH = YES;
				SDKROOT = iphoneos;
				SWIFT_COMPILATION_MODE = wholemodule;
				SWIFT_OPTIMIZATION_LEVEL = "-O";
				VALIDATE_PRODUCT = YES;
			};
			name = Release;
		};
		BB8FDE0228F5F70A003FDB3D /* Debug */ = {
			isa = XCBuildConfiguration;
			buildSettings = {
				CLANG_ENABLE_MODULES = YES;
				CODE_SIGN_STYLE = Automatic;
				COMBINE_HIDPI_IMAGES = YES;
				CURRENT_PROJECT_VERSION = 1;
				DEFINES_MODULE = YES;
				DEVELOPMENT_TEAM = 56EQ48SVZJ;
				DYLIB_COMPATIBILITY_VERSION = 1;
				DYLIB_CURRENT_VERSION = 1;
				DYLIB_INSTALL_NAME_BASE = "@rpath";
				GENERATE_INFOPLIST_FILE = YES;
				INFOPLIST_KEY_NSHumanReadableCopyright = "";
				INSTALL_PATH = "$(LOCAL_LIBRARY_DIR)/Frameworks";
				LD_RUNPATH_SEARCH_PATHS = (
					"$(inherited)",
					"@executable_path/../Frameworks",
					"@loader_path/Frameworks",
				);
				MACOSX_DEPLOYMENT_TARGET = 12.3;
				MARKETING_VERSION = 1.0;
				PRODUCT_BUNDLE_IDENTIFIER = br.eti.manoelfilho.clean.Domain;
				PRODUCT_NAME = "$(TARGET_NAME:c99extidentifier)";
				SDKROOT = macosx;
				SKIP_INSTALL = YES;
				SUPPORTED_PLATFORMS = "iphoneos iphonesimulator macosx";
				SUPPORTS_MACCATALYST = NO;
				SUPPORTS_MAC_DESIGNED_FOR_IPHONE_IPAD = NO;
				SWIFT_EMIT_LOC_STRINGS = YES;
				SWIFT_OPTIMIZATION_LEVEL = "-Onone";
				SWIFT_VERSION = 5.0;
				TARGETED_DEVICE_FAMILY = 1;
				VERSIONING_SYSTEM = "apple-generic";
				VERSION_INFO_PREFIX = "";
			};
			name = Debug;
		};
		BB8FDE0328F5F70A003FDB3D /* Release */ = {
			isa = XCBuildConfiguration;
			buildSettings = {
				CLANG_ENABLE_MODULES = YES;
				CODE_SIGN_STYLE = Automatic;
				COMBINE_HIDPI_IMAGES = YES;
				CURRENT_PROJECT_VERSION = 1;
				DEFINES_MODULE = YES;
				DEVELOPMENT_TEAM = 56EQ48SVZJ;
				DYLIB_COMPATIBILITY_VERSION = 1;
				DYLIB_CURRENT_VERSION = 1;
				DYLIB_INSTALL_NAME_BASE = "@rpath";
				GENERATE_INFOPLIST_FILE = YES;
				INFOPLIST_KEY_NSHumanReadableCopyright = "";
				INSTALL_PATH = "$(LOCAL_LIBRARY_DIR)/Frameworks";
				LD_RUNPATH_SEARCH_PATHS = (
					"$(inherited)",
					"@executable_path/../Frameworks",
					"@loader_path/Frameworks",
				);
				MACOSX_DEPLOYMENT_TARGET = 12.3;
				MARKETING_VERSION = 1.0;
				PRODUCT_BUNDLE_IDENTIFIER = br.eti.manoelfilho.clean.Domain;
				PRODUCT_NAME = "$(TARGET_NAME:c99extidentifier)";
				SDKROOT = macosx;
				SKIP_INSTALL = YES;
				SUPPORTED_PLATFORMS = "iphoneos iphonesimulator macosx";
				SUPPORTS_MACCATALYST = NO;
				SUPPORTS_MAC_DESIGNED_FOR_IPHONE_IPAD = NO;
				SWIFT_EMIT_LOC_STRINGS = YES;
				SWIFT_VERSION = 5.0;
				TARGETED_DEVICE_FAMILY = 1;
				VERSIONING_SYSTEM = "apple-generic";
				VERSION_INFO_PREFIX = "";
			};
			name = Release;
		};
		BB8FDE1D28F5FA26003FDB3D /* Debug */ = {
			isa = XCBuildConfiguration;
			buildSettings = {
				CLANG_ENABLE_MODULES = YES;
				CODE_SIGN_STYLE = Automatic;
				COMBINE_HIDPI_IMAGES = YES;
				CURRENT_PROJECT_VERSION = 1;
				DEFINES_MODULE = YES;
				DEVELOPMENT_TEAM = 56EQ48SVZJ;
				DYLIB_COMPATIBILITY_VERSION = 1;
				DYLIB_CURRENT_VERSION = 1;
				DYLIB_INSTALL_NAME_BASE = "@rpath";
				GENERATE_INFOPLIST_FILE = YES;
				INFOPLIST_KEY_NSHumanReadableCopyright = "";
				INSTALL_PATH = "$(LOCAL_LIBRARY_DIR)/Frameworks";
				LD_RUNPATH_SEARCH_PATHS = (
					"$(inherited)",
					"@executable_path/../Frameworks",
					"@loader_path/Frameworks",
				);
				MACOSX_DEPLOYMENT_TARGET = 12.3;
				MARKETING_VERSION = 1.0;
				PRODUCT_BUNDLE_IDENTIFIER = br.eti.manoelfilho.clean.Data;
				PRODUCT_NAME = "$(TARGET_NAME:c99extidentifier)";
				SDKROOT = macosx;
				SKIP_INSTALL = YES;
				SUPPORTED_PLATFORMS = "iphoneos iphonesimulator macosx";
				SUPPORTS_MACCATALYST = NO;
				SUPPORTS_MAC_DESIGNED_FOR_IPHONE_IPAD = NO;
				SWIFT_EMIT_LOC_STRINGS = YES;
				SWIFT_OPTIMIZATION_LEVEL = "-Onone";
				SWIFT_VERSION = 5.0;
				TARGETED_DEVICE_FAMILY = 1;
				VERSIONING_SYSTEM = "apple-generic";
				VERSION_INFO_PREFIX = "";
			};
			name = Debug;
		};
		BB8FDE1E28F5FA26003FDB3D /* Release */ = {
			isa = XCBuildConfiguration;
			buildSettings = {
				CLANG_ENABLE_MODULES = YES;
				CODE_SIGN_STYLE = Automatic;
				COMBINE_HIDPI_IMAGES = YES;
				CURRENT_PROJECT_VERSION = 1;
				DEFINES_MODULE = YES;
				DEVELOPMENT_TEAM = 56EQ48SVZJ;
				DYLIB_COMPATIBILITY_VERSION = 1;
				DYLIB_CURRENT_VERSION = 1;
				DYLIB_INSTALL_NAME_BASE = "@rpath";
				GENERATE_INFOPLIST_FILE = YES;
				INFOPLIST_KEY_NSHumanReadableCopyright = "";
				INSTALL_PATH = "$(LOCAL_LIBRARY_DIR)/Frameworks";
				LD_RUNPATH_SEARCH_PATHS = (
					"$(inherited)",
					"@executable_path/../Frameworks",
					"@loader_path/Frameworks",
				);
				MACOSX_DEPLOYMENT_TARGET = 12.3;
				MARKETING_VERSION = 1.0;
				PRODUCT_BUNDLE_IDENTIFIER = br.eti.manoelfilho.clean.Data;
				PRODUCT_NAME = "$(TARGET_NAME:c99extidentifier)";
				SDKROOT = macosx;
				SKIP_INSTALL = YES;
				SUPPORTED_PLATFORMS = "iphoneos iphonesimulator macosx";
				SUPPORTS_MACCATALYST = NO;
				SUPPORTS_MAC_DESIGNED_FOR_IPHONE_IPAD = NO;
				SWIFT_EMIT_LOC_STRINGS = YES;
				SWIFT_VERSION = 5.0;
				TARGETED_DEVICE_FAMILY = 1;
				VERSIONING_SYSTEM = "apple-generic";
				VERSION_INFO_PREFIX = "";
			};
			name = Release;
		};
		BB8FDE2028F5FA26003FDB3D /* Debug */ = {
			isa = XCBuildConfiguration;
			buildSettings = {
				ALWAYS_EMBED_SWIFT_STANDARD_LIBRARIES = YES;
				CODE_SIGN_STYLE = Automatic;
				CURRENT_PROJECT_VERSION = 1;
				DEVELOPMENT_TEAM = 56EQ48SVZJ;
				GENERATE_INFOPLIST_FILE = YES;
				MACOSX_DEPLOYMENT_TARGET = 12.3;
				MARKETING_VERSION = 1.0;
				PRODUCT_BUNDLE_IDENTIFIER = br.eti.manoelfilho.clean.DataTests;
				PRODUCT_NAME = "$(TARGET_NAME)";
				SDKROOT = macosx;
				SUPPORTED_PLATFORMS = "iphoneos iphonesimulator macosx";
				SUPPORTS_MACCATALYST = NO;
				SUPPORTS_MAC_DESIGNED_FOR_IPHONE_IPAD = NO;
				SWIFT_EMIT_LOC_STRINGS = NO;
				SWIFT_VERSION = 5.0;
				TARGETED_DEVICE_FAMILY = 1;
			};
			name = Debug;
		};
		BB8FDE2128F5FA26003FDB3D /* Release */ = {
			isa = XCBuildConfiguration;
			buildSettings = {
				ALWAYS_EMBED_SWIFT_STANDARD_LIBRARIES = YES;
				CODE_SIGN_STYLE = Automatic;
				CURRENT_PROJECT_VERSION = 1;
				DEVELOPMENT_TEAM = 56EQ48SVZJ;
				GENERATE_INFOPLIST_FILE = YES;
				MACOSX_DEPLOYMENT_TARGET = 12.3;
				MARKETING_VERSION = 1.0;
				PRODUCT_BUNDLE_IDENTIFIER = br.eti.manoelfilho.clean.DataTests;
				PRODUCT_NAME = "$(TARGET_NAME)";
				SDKROOT = macosx;
				SUPPORTED_PLATFORMS = "iphoneos iphonesimulator macosx";
				SUPPORTS_MACCATALYST = NO;
				SUPPORTS_MAC_DESIGNED_FOR_IPHONE_IPAD = NO;
				SWIFT_EMIT_LOC_STRINGS = NO;
				SWIFT_VERSION = 5.0;
				TARGETED_DEVICE_FAMILY = 1;
			};
			name = Release;
		};
		BB8FDE5628F6EE42003FDB3D /* Debug */ = {
			isa = XCBuildConfiguration;
			buildSettings = {
				CLANG_ENABLE_MODULES = YES;
				CODE_SIGN_STYLE = Automatic;
				COMBINE_HIDPI_IMAGES = YES;
				CURRENT_PROJECT_VERSION = 1;
				DEFINES_MODULE = YES;
				DEVELOPMENT_TEAM = 56EQ48SVZJ;
				DYLIB_COMPATIBILITY_VERSION = 1;
				DYLIB_CURRENT_VERSION = 1;
				DYLIB_INSTALL_NAME_BASE = "@rpath";
				GENERATE_INFOPLIST_FILE = YES;
				INFOPLIST_KEY_NSHumanReadableCopyright = "";
				INSTALL_PATH = "$(LOCAL_LIBRARY_DIR)/Frameworks";
				LD_RUNPATH_SEARCH_PATHS = (
					"$(inherited)",
					"@executable_path/../Frameworks",
					"@loader_path/Frameworks",
				);
				MACOSX_DEPLOYMENT_TARGET = 12.3;
				MARKETING_VERSION = 1.0;
				PRODUCT_BUNDLE_IDENTIFIER = br.eti.manoelfilho.clean.Infra;
				PRODUCT_NAME = "$(TARGET_NAME:c99extidentifier)";
				SDKROOT = macosx;
				SKIP_INSTALL = YES;
				SUPPORTED_PLATFORMS = "iphoneos iphonesimulator macosx";
				SUPPORTS_MACCATALYST = NO;
				SUPPORTS_MAC_DESIGNED_FOR_IPHONE_IPAD = NO;
				SWIFT_EMIT_LOC_STRINGS = YES;
				SWIFT_OPTIMIZATION_LEVEL = "-Onone";
				SWIFT_VERSION = 5.0;
				TARGETED_DEVICE_FAMILY = 1;
				VERSIONING_SYSTEM = "apple-generic";
				VERSION_INFO_PREFIX = "";
			};
			name = Debug;
		};
		BB8FDE5728F6EE42003FDB3D /* Release */ = {
			isa = XCBuildConfiguration;
			buildSettings = {
				CLANG_ENABLE_MODULES = YES;
				CODE_SIGN_STYLE = Automatic;
				COMBINE_HIDPI_IMAGES = YES;
				CURRENT_PROJECT_VERSION = 1;
				DEFINES_MODULE = YES;
				DEVELOPMENT_TEAM = 56EQ48SVZJ;
				DYLIB_COMPATIBILITY_VERSION = 1;
				DYLIB_CURRENT_VERSION = 1;
				DYLIB_INSTALL_NAME_BASE = "@rpath";
				GENERATE_INFOPLIST_FILE = YES;
				INFOPLIST_KEY_NSHumanReadableCopyright = "";
				INSTALL_PATH = "$(LOCAL_LIBRARY_DIR)/Frameworks";
				LD_RUNPATH_SEARCH_PATHS = (
					"$(inherited)",
					"@executable_path/../Frameworks",
					"@loader_path/Frameworks",
				);
				MACOSX_DEPLOYMENT_TARGET = 12.3;
				MARKETING_VERSION = 1.0;
				PRODUCT_BUNDLE_IDENTIFIER = br.eti.manoelfilho.clean.Infra;
				PRODUCT_NAME = "$(TARGET_NAME:c99extidentifier)";
				SDKROOT = macosx;
				SKIP_INSTALL = YES;
				SUPPORTED_PLATFORMS = "iphoneos iphonesimulator macosx";
				SUPPORTS_MACCATALYST = NO;
				SUPPORTS_MAC_DESIGNED_FOR_IPHONE_IPAD = NO;
				SWIFT_EMIT_LOC_STRINGS = YES;
				SWIFT_VERSION = 5.0;
				TARGETED_DEVICE_FAMILY = 1;
				VERSIONING_SYSTEM = "apple-generic";
				VERSION_INFO_PREFIX = "";
			};
			name = Release;
		};
		BB8FDE5928F6EE42003FDB3D /* Debug */ = {
			isa = XCBuildConfiguration;
			buildSettings = {
				ALWAYS_EMBED_SWIFT_STANDARD_LIBRARIES = YES;
				CODE_SIGN_STYLE = Automatic;
				CURRENT_PROJECT_VERSION = 1;
				DEVELOPMENT_TEAM = 56EQ48SVZJ;
				GENERATE_INFOPLIST_FILE = YES;
				MACOSX_DEPLOYMENT_TARGET = 12.3;
				MARKETING_VERSION = 1.0;
				PRODUCT_BUNDLE_IDENTIFIER = br.eti.manoelfilho.clean.InfraTests;
				PRODUCT_NAME = "$(TARGET_NAME)";
				SDKROOT = macosx;
				SUPPORTED_PLATFORMS = "iphoneos iphonesimulator macosx";
				SUPPORTS_MACCATALYST = NO;
				SUPPORTS_MAC_DESIGNED_FOR_IPHONE_IPAD = NO;
				SWIFT_EMIT_LOC_STRINGS = NO;
				SWIFT_VERSION = 5.0;
				TARGETED_DEVICE_FAMILY = 1;
			};
			name = Debug;
		};
		BB8FDE5A28F6EE42003FDB3D /* Release */ = {
			isa = XCBuildConfiguration;
			buildSettings = {
				ALWAYS_EMBED_SWIFT_STANDARD_LIBRARIES = YES;
				CODE_SIGN_STYLE = Automatic;
				CURRENT_PROJECT_VERSION = 1;
				DEVELOPMENT_TEAM = 56EQ48SVZJ;
				GENERATE_INFOPLIST_FILE = YES;
				MACOSX_DEPLOYMENT_TARGET = 12.3;
				MARKETING_VERSION = 1.0;
				PRODUCT_BUNDLE_IDENTIFIER = br.eti.manoelfilho.clean.InfraTests;
				PRODUCT_NAME = "$(TARGET_NAME)";
				SDKROOT = macosx;
				SUPPORTED_PLATFORMS = "iphoneos iphonesimulator macosx";
				SUPPORTS_MACCATALYST = NO;
				SUPPORTS_MAC_DESIGNED_FOR_IPHONE_IPAD = NO;
				SWIFT_EMIT_LOC_STRINGS = NO;
				SWIFT_VERSION = 5.0;
				TARGETED_DEVICE_FAMILY = 1;
			};
			name = Release;
		};
		BBE0D43B28FAE42800030053 /* Debug */ = {
			isa = XCBuildConfiguration;
			buildSettings = {
				CODE_SIGN_STYLE = Automatic;
				COMBINE_HIDPI_IMAGES = YES;
				CURRENT_PROJECT_VERSION = 1;
				DEFINES_MODULE = YES;
				DEVELOPMENT_TEAM = 56EQ48SVZJ;
				DYLIB_COMPATIBILITY_VERSION = 1;
				DYLIB_CURRENT_VERSION = 1;
				DYLIB_INSTALL_NAME_BASE = "@rpath";
				GENERATE_INFOPLIST_FILE = YES;
				INFOPLIST_KEY_NSHumanReadableCopyright = "";
				INSTALL_PATH = "$(LOCAL_LIBRARY_DIR)/Frameworks";
				LD_RUNPATH_SEARCH_PATHS = (
					"$(inherited)",
					"@executable_path/../Frameworks",
					"@loader_path/Frameworks",
				);
				MACOSX_DEPLOYMENT_TARGET = 12.3;
				MARKETING_VERSION = 1.0;
				PRODUCT_BUNDLE_IDENTIFIER = "br.eti.manoelfilho.clean.iOS-UI";
				PRODUCT_NAME = "$(TARGET_NAME:c99extidentifier)";
				SDKROOT = macosx;
				SKIP_INSTALL = YES;
				SUPPORTED_PLATFORMS = "iphoneos iphonesimulator macosx";
				SUPPORTS_MACCATALYST = NO;
				SUPPORTS_MAC_DESIGNED_FOR_IPHONE_IPAD = NO;
				SWIFT_EMIT_LOC_STRINGS = YES;
				SWIFT_VERSION = 5.0;
				TARGETED_DEVICE_FAMILY = 1;
				VERSIONING_SYSTEM = "apple-generic";
				VERSION_INFO_PREFIX = "";
			};
			name = Debug;
		};
		BBE0D43C28FAE42800030053 /* Release */ = {
			isa = XCBuildConfiguration;
			buildSettings = {
				CODE_SIGN_STYLE = Automatic;
				COMBINE_HIDPI_IMAGES = YES;
				CURRENT_PROJECT_VERSION = 1;
				DEFINES_MODULE = YES;
				DEVELOPMENT_TEAM = 56EQ48SVZJ;
				DYLIB_COMPATIBILITY_VERSION = 1;
				DYLIB_CURRENT_VERSION = 1;
				DYLIB_INSTALL_NAME_BASE = "@rpath";
				GENERATE_INFOPLIST_FILE = YES;
				INFOPLIST_KEY_NSHumanReadableCopyright = "";
				INSTALL_PATH = "$(LOCAL_LIBRARY_DIR)/Frameworks";
				LD_RUNPATH_SEARCH_PATHS = (
					"$(inherited)",
					"@executable_path/../Frameworks",
					"@loader_path/Frameworks",
				);
				MACOSX_DEPLOYMENT_TARGET = 12.3;
				MARKETING_VERSION = 1.0;
				PRODUCT_BUNDLE_IDENTIFIER = "br.eti.manoelfilho.clean.iOS-UI";
				PRODUCT_NAME = "$(TARGET_NAME:c99extidentifier)";
				SDKROOT = macosx;
				SKIP_INSTALL = YES;
				SUPPORTED_PLATFORMS = "iphoneos iphonesimulator macosx";
				SUPPORTS_MACCATALYST = NO;
				SUPPORTS_MAC_DESIGNED_FOR_IPHONE_IPAD = NO;
				SWIFT_EMIT_LOC_STRINGS = YES;
				SWIFT_VERSION = 5.0;
				TARGETED_DEVICE_FAMILY = 1;
				VERSIONING_SYSTEM = "apple-generic";
				VERSION_INFO_PREFIX = "";
			};
			name = Release;
		};
		BBE0D43E28FAE42800030053 /* Debug */ = {
			isa = XCBuildConfiguration;
			buildSettings = {
				CODE_SIGN_STYLE = Automatic;
				CURRENT_PROJECT_VERSION = 1;
				DEVELOPMENT_TEAM = 56EQ48SVZJ;
				GENERATE_INFOPLIST_FILE = YES;
				MACOSX_DEPLOYMENT_TARGET = 12.3;
				MARKETING_VERSION = 1.0;
				PRODUCT_BUNDLE_IDENTIFIER = "br.eti.manoelfilho.clean.iOS-UITests";
				PRODUCT_NAME = "$(TARGET_NAME)";
				SDKROOT = macosx;
				SUPPORTED_PLATFORMS = "iphoneos iphonesimulator macosx";
				SUPPORTS_MACCATALYST = NO;
				SUPPORTS_MAC_DESIGNED_FOR_IPHONE_IPAD = NO;
				SWIFT_EMIT_LOC_STRINGS = NO;
				SWIFT_VERSION = 5.0;
				TARGETED_DEVICE_FAMILY = 1;
			};
			name = Debug;
		};
		BBE0D43F28FAE42800030053 /* Release */ = {
			isa = XCBuildConfiguration;
			buildSettings = {
				CODE_SIGN_STYLE = Automatic;
				CURRENT_PROJECT_VERSION = 1;
				DEVELOPMENT_TEAM = 56EQ48SVZJ;
				GENERATE_INFOPLIST_FILE = YES;
				MACOSX_DEPLOYMENT_TARGET = 12.3;
				MARKETING_VERSION = 1.0;
				PRODUCT_BUNDLE_IDENTIFIER = "br.eti.manoelfilho.clean.iOS-UITests";
				PRODUCT_NAME = "$(TARGET_NAME)";
				SDKROOT = macosx;
				SUPPORTED_PLATFORMS = "iphoneos iphonesimulator macosx";
				SUPPORTS_MACCATALYST = NO;
				SUPPORTS_MAC_DESIGNED_FOR_IPHONE_IPAD = NO;
				SWIFT_EMIT_LOC_STRINGS = NO;
				SWIFT_VERSION = 5.0;
				TARGETED_DEVICE_FAMILY = 1;
			};
			name = Release;
		};
		BBF72CFE28F8CF7300B8AC53 /* Debug */ = {
			isa = XCBuildConfiguration;
			buildSettings = {
				CODE_SIGN_STYLE = Automatic;
				CURRENT_PROJECT_VERSION = 1;
				DEVELOPMENT_TEAM = 56EQ48SVZJ;
				GENERATE_INFOPLIST_FILE = YES;
				MACOSX_DEPLOYMENT_TARGET = 12.3;
				MARKETING_VERSION = 1.0;
				PRODUCT_BUNDLE_IDENTIFIER = br.eti.manoelfilho.clean.IntegrationTests;
				PRODUCT_NAME = "$(TARGET_NAME)";
				SDKROOT = macosx;
				SUPPORTED_PLATFORMS = "iphoneos iphonesimulator macosx";
				SUPPORTS_MACCATALYST = NO;
				SUPPORTS_MAC_DESIGNED_FOR_IPHONE_IPAD = NO;
				SWIFT_EMIT_LOC_STRINGS = NO;
				SWIFT_VERSION = 5.0;
				TARGETED_DEVICE_FAMILY = 1;
			};
			name = Debug;
		};
		BBF72CFF28F8CF7300B8AC53 /* Release */ = {
			isa = XCBuildConfiguration;
			buildSettings = {
				CODE_SIGN_STYLE = Automatic;
				CURRENT_PROJECT_VERSION = 1;
				DEVELOPMENT_TEAM = 56EQ48SVZJ;
				GENERATE_INFOPLIST_FILE = YES;
				MACOSX_DEPLOYMENT_TARGET = 12.3;
				MARKETING_VERSION = 1.0;
				PRODUCT_BUNDLE_IDENTIFIER = br.eti.manoelfilho.clean.IntegrationTests;
				PRODUCT_NAME = "$(TARGET_NAME)";
				SDKROOT = macosx;
				SUPPORTED_PLATFORMS = "iphoneos iphonesimulator macosx";
				SUPPORTS_MACCATALYST = NO;
				SUPPORTS_MAC_DESIGNED_FOR_IPHONE_IPAD = NO;
				SWIFT_EMIT_LOC_STRINGS = NO;
				SWIFT_VERSION = 5.0;
				TARGETED_DEVICE_FAMILY = 1;
			};
			name = Release;
		};
		BBF72D1828F9A3D900B8AC53 /* Debug */ = {
			isa = XCBuildConfiguration;
			buildSettings = {
				CLANG_ENABLE_MODULES = YES;
				CODE_SIGN_STYLE = Automatic;
				COMBINE_HIDPI_IMAGES = YES;
				CURRENT_PROJECT_VERSION = 1;
				DEFINES_MODULE = YES;
				DEVELOPMENT_TEAM = 56EQ48SVZJ;
				DYLIB_COMPATIBILITY_VERSION = 1;
				DYLIB_CURRENT_VERSION = 1;
				DYLIB_INSTALL_NAME_BASE = "@rpath";
				GENERATE_INFOPLIST_FILE = YES;
				INFOPLIST_KEY_NSHumanReadableCopyright = "";
				INSTALL_PATH = "$(LOCAL_LIBRARY_DIR)/Frameworks";
				LD_RUNPATH_SEARCH_PATHS = (
					"$(inherited)",
					"@executable_path/../Frameworks",
					"@loader_path/Frameworks",
				);
				MACOSX_DEPLOYMENT_TARGET = 12.3;
				MARKETING_VERSION = 1.0;
				PRODUCT_BUNDLE_IDENTIFIER = br.eti.manoelfilho.clean.Presentation;
				PRODUCT_NAME = "$(TARGET_NAME:c99extidentifier)";
				SDKROOT = macosx;
				SKIP_INSTALL = YES;
				SUPPORTED_PLATFORMS = "iphoneos iphonesimulator macosx";
				SUPPORTS_MACCATALYST = NO;
				SUPPORTS_MAC_DESIGNED_FOR_IPHONE_IPAD = NO;
				SWIFT_EMIT_LOC_STRINGS = YES;
				SWIFT_OPTIMIZATION_LEVEL = "-Onone";
				SWIFT_VERSION = 5.0;
				TARGETED_DEVICE_FAMILY = 1;
				VERSIONING_SYSTEM = "apple-generic";
				VERSION_INFO_PREFIX = "";
			};
			name = Debug;
		};
		BBF72D1928F9A3D900B8AC53 /* Release */ = {
			isa = XCBuildConfiguration;
			buildSettings = {
				CLANG_ENABLE_MODULES = YES;
				CODE_SIGN_STYLE = Automatic;
				COMBINE_HIDPI_IMAGES = YES;
				CURRENT_PROJECT_VERSION = 1;
				DEFINES_MODULE = YES;
				DEVELOPMENT_TEAM = 56EQ48SVZJ;
				DYLIB_COMPATIBILITY_VERSION = 1;
				DYLIB_CURRENT_VERSION = 1;
				DYLIB_INSTALL_NAME_BASE = "@rpath";
				GENERATE_INFOPLIST_FILE = YES;
				INFOPLIST_KEY_NSHumanReadableCopyright = "";
				INSTALL_PATH = "$(LOCAL_LIBRARY_DIR)/Frameworks";
				LD_RUNPATH_SEARCH_PATHS = (
					"$(inherited)",
					"@executable_path/../Frameworks",
					"@loader_path/Frameworks",
				);
				MACOSX_DEPLOYMENT_TARGET = 12.3;
				MARKETING_VERSION = 1.0;
				PRODUCT_BUNDLE_IDENTIFIER = br.eti.manoelfilho.clean.Presentation;
				PRODUCT_NAME = "$(TARGET_NAME:c99extidentifier)";
				SDKROOT = macosx;
				SKIP_INSTALL = YES;
				SUPPORTED_PLATFORMS = "iphoneos iphonesimulator macosx";
				SUPPORTS_MACCATALYST = NO;
				SUPPORTS_MAC_DESIGNED_FOR_IPHONE_IPAD = NO;
				SWIFT_EMIT_LOC_STRINGS = YES;
				SWIFT_VERSION = 5.0;
				TARGETED_DEVICE_FAMILY = 1;
				VERSIONING_SYSTEM = "apple-generic";
				VERSION_INFO_PREFIX = "";
			};
			name = Release;
		};
		BBF72D1A28F9A3D900B8AC53 /* Debug */ = {
			isa = XCBuildConfiguration;
			buildSettings = {
				ALWAYS_EMBED_SWIFT_STANDARD_LIBRARIES = YES;
				CODE_SIGN_STYLE = Automatic;
				CURRENT_PROJECT_VERSION = 1;
				DEVELOPMENT_TEAM = 56EQ48SVZJ;
				GENERATE_INFOPLIST_FILE = YES;
				MACOSX_DEPLOYMENT_TARGET = 12.3;
				MARKETING_VERSION = 1.0;
				PRODUCT_BUNDLE_IDENTIFIER = br.eti.manoelfilho.clean.PresentationTests;
				PRODUCT_NAME = "$(TARGET_NAME)";
				SDKROOT = macosx;
				SUPPORTED_PLATFORMS = "iphoneos iphonesimulator macosx";
				SUPPORTS_MACCATALYST = NO;
				SUPPORTS_MAC_DESIGNED_FOR_IPHONE_IPAD = NO;
				SWIFT_EMIT_LOC_STRINGS = NO;
				SWIFT_VERSION = 5.0;
				TARGETED_DEVICE_FAMILY = 1;
			};
			name = Debug;
		};
		BBF72D1B28F9A3D900B8AC53 /* Release */ = {
			isa = XCBuildConfiguration;
			buildSettings = {
				ALWAYS_EMBED_SWIFT_STANDARD_LIBRARIES = YES;
				CODE_SIGN_STYLE = Automatic;
				CURRENT_PROJECT_VERSION = 1;
				DEVELOPMENT_TEAM = 56EQ48SVZJ;
				GENERATE_INFOPLIST_FILE = YES;
				MACOSX_DEPLOYMENT_TARGET = 12.3;
				MARKETING_VERSION = 1.0;
				PRODUCT_BUNDLE_IDENTIFIER = br.eti.manoelfilho.clean.PresentationTests;
				PRODUCT_NAME = "$(TARGET_NAME)";
				SDKROOT = macosx;
				SUPPORTED_PLATFORMS = "iphoneos iphonesimulator macosx";
				SUPPORTS_MACCATALYST = NO;
				SUPPORTS_MAC_DESIGNED_FOR_IPHONE_IPAD = NO;
				SWIFT_EMIT_LOC_STRINGS = NO;
				SWIFT_VERSION = 5.0;
				TARGETED_DEVICE_FAMILY = 1;
			};
			name = Release;
		};
/* End XCBuildConfiguration section */

/* Begin XCConfigurationList section */
		BB8FDDDC28F5F69B003FDB3D /* Build configuration list for PBXProject "clean" */ = {
			isa = XCConfigurationList;
			buildConfigurations = (
				BB8FDDF328F5F69C003FDB3D /* Debug */,
				BB8FDDF428F5F69C003FDB3D /* Release */,
			);
			defaultConfigurationIsVisible = 0;
			defaultConfigurationName = Release;
		};
		BB8FDE0128F5F70A003FDB3D /* Build configuration list for PBXNativeTarget "Domain" */ = {
			isa = XCConfigurationList;
			buildConfigurations = (
				BB8FDE0228F5F70A003FDB3D /* Debug */,
				BB8FDE0328F5F70A003FDB3D /* Release */,
			);
			defaultConfigurationIsVisible = 0;
			defaultConfigurationName = Release;
		};
		BB8FDE1C28F5FA26003FDB3D /* Build configuration list for PBXNativeTarget "Data" */ = {
			isa = XCConfigurationList;
			buildConfigurations = (
				BB8FDE1D28F5FA26003FDB3D /* Debug */,
				BB8FDE1E28F5FA26003FDB3D /* Release */,
			);
			defaultConfigurationIsVisible = 0;
			defaultConfigurationName = Release;
		};
		BB8FDE1F28F5FA26003FDB3D /* Build configuration list for PBXNativeTarget "DataTests" */ = {
			isa = XCConfigurationList;
			buildConfigurations = (
				BB8FDE2028F5FA26003FDB3D /* Debug */,
				BB8FDE2128F5FA26003FDB3D /* Release */,
			);
			defaultConfigurationIsVisible = 0;
			defaultConfigurationName = Release;
		};
		BB8FDE5528F6EE42003FDB3D /* Build configuration list for PBXNativeTarget "Infra" */ = {
			isa = XCConfigurationList;
			buildConfigurations = (
				BB8FDE5628F6EE42003FDB3D /* Debug */,
				BB8FDE5728F6EE42003FDB3D /* Release */,
			);
			defaultConfigurationIsVisible = 0;
			defaultConfigurationName = Release;
		};
		BB8FDE5828F6EE42003FDB3D /* Build configuration list for PBXNativeTarget "InfraTests" */ = {
			isa = XCConfigurationList;
			buildConfigurations = (
				BB8FDE5928F6EE42003FDB3D /* Debug */,
				BB8FDE5A28F6EE42003FDB3D /* Release */,
			);
			defaultConfigurationIsVisible = 0;
			defaultConfigurationName = Release;
		};
		BBE0D43A28FAE42800030053 /* Build configuration list for PBXNativeTarget "iOS-UI" */ = {
			isa = XCConfigurationList;
			buildConfigurations = (
				BBE0D43B28FAE42800030053 /* Debug */,
				BBE0D43C28FAE42800030053 /* Release */,
			);
			defaultConfigurationIsVisible = 0;
			defaultConfigurationName = Release;
		};
		BBE0D43D28FAE42800030053 /* Build configuration list for PBXNativeTarget "iOS-UITests" */ = {
			isa = XCConfigurationList;
			buildConfigurations = (
				BBE0D43E28FAE42800030053 /* Debug */,
				BBE0D43F28FAE42800030053 /* Release */,
			);
			defaultConfigurationIsVisible = 0;
			defaultConfigurationName = Release;
		};
		BBF72CFD28F8CF7300B8AC53 /* Build configuration list for PBXNativeTarget "IntegrationTests" */ = {
			isa = XCConfigurationList;
			buildConfigurations = (
				BBF72CFE28F8CF7300B8AC53 /* Debug */,
				BBF72CFF28F8CF7300B8AC53 /* Release */,
			);
			defaultConfigurationIsVisible = 0;
			defaultConfigurationName = Release;
		};
		BBF72D1C28F9A3D900B8AC53 /* Build configuration list for PBXNativeTarget "Presentation" */ = {
			isa = XCConfigurationList;
			buildConfigurations = (
				BBF72D1828F9A3D900B8AC53 /* Debug */,
				BBF72D1928F9A3D900B8AC53 /* Release */,
			);
			defaultConfigurationIsVisible = 0;
			defaultConfigurationName = Release;
		};
		BBF72D1D28F9A3D900B8AC53 /* Build configuration list for PBXNativeTarget "PresentationTests" */ = {
			isa = XCConfigurationList;
			buildConfigurations = (
				BBF72D1A28F9A3D900B8AC53 /* Debug */,
				BBF72D1B28F9A3D900B8AC53 /* Release */,
			);
			defaultConfigurationIsVisible = 0;
			defaultConfigurationName = Release;
		};
/* End XCConfigurationList section */

/* Begin XCRemoteSwiftPackageReference section */
		BBF72CBC28F8B0A800B8AC53 /* XCRemoteSwiftPackageReference "Alamofire" */ = {
			isa = XCRemoteSwiftPackageReference;
			repositoryURL = "https://github.com/Alamofire/Alamofire.git";
			requirement = {
				kind = upToNextMajorVersion;
				minimumVersion = 5.0.0;
			};
		};
/* End XCRemoteSwiftPackageReference section */

/* Begin XCSwiftPackageProductDependency section */
		BBF72CBD28F8B0A800B8AC53 /* Alamofire */ = {
			isa = XCSwiftPackageProductDependency;
			package = BBF72CBC28F8B0A800B8AC53 /* XCRemoteSwiftPackageReference "Alamofire" */;
			productName = Alamofire;
		};
/* End XCSwiftPackageProductDependency section */
	};
	rootObject = BB8FDDD928F5F69B003FDB3D /* Project object */;
}
